// !$*UTF8*$!
{
	archiveVersion = 1;
	classes = {
	};
	objectVersion = 42;
	objects = {

/* Begin PBXBuildFile section */
		2A82C3A51954D13900EEC94C /* SuperPNG_About.xib in Resources */ = {isa = PBXBuildFile; fileRef = 2A82C3881954D13900EEC94C /* SuperPNG_About.xib */; };
		2A82C3A61954D13900EEC94C /* SuperPNG_About_Controller.m in Sources */ = {isa = PBXBuildFile; fileRef = 2A82C38A1954D13900EEC94C /* SuperPNG_About_Controller.m */; };
		2A82C3A71954D13900EEC94C /* SuperPNG_banner.png in Resources */ = {isa = PBXBuildFile; fileRef = 2A82C38B1954D13900EEC94C /* SuperPNG_banner.png */; };
		2A82C3A81954D13900EEC94C /* SuperPNG_InUI.xib in Resources */ = {isa = PBXBuildFile; fileRef = 2A82C38C1954D13900EEC94C /* SuperPNG_InUI.xib */; };
		2A82C3A91954D13900EEC94C /* SuperPNG_InUI_Controller.m in Sources */ = {isa = PBXBuildFile; fileRef = 2A82C38E1954D13900EEC94C /* SuperPNG_InUI_Controller.m */; };
		2A82C3AA1954D13900EEC94C /* SuperPNG_OutUI.xib in Resources */ = {isa = PBXBuildFile; fileRef = 2A82C38F1954D13900EEC94C /* SuperPNG_OutUI.xib */; };
		2A82C3AB1954D13900EEC94C /* SuperPNG_OutUI_Controller.m in Sources */ = {isa = PBXBuildFile; fileRef = 2A82C3911954D13900EEC94C /* SuperPNG_OutUI_Controller.m */; };
		2A82C3AC1954D13900EEC94C /* SuperPNG.cpp in Sources */ = {isa = PBXBuildFile; fileRef = 2A82C3921954D13900EEC94C /* SuperPNG.cpp */; };
		2A82C3AD1954D13900EEC94C /* SuperPNG.r in Rez */ = {isa = PBXBuildFile; fileRef = 2A82C3941954D13900EEC94C /* SuperPNG.r */; };
		2A82C3AE1954D13900EEC94C /* SuperPNG_Input.cpp in Sources */ = {isa = PBXBuildFile; fileRef = 2A82C3961954D13900EEC94C /* SuperPNG_Input.cpp */; };
		2A82C3AF1954D13900EEC94C /* SuperPNG_InUI_ADM.cpp in Sources */ = {isa = PBXBuildFile; fileRef = 2A82C3971954D13900EEC94C /* SuperPNG_InUI_ADM.cpp */; };
		2A82C3B11954D13900EEC94C /* SuperPNG_Output.cpp in Sources */ = {isa = PBXBuildFile; fileRef = 2A82C3991954D13900EEC94C /* SuperPNG_Output.cpp */; };
		2A82C3B21954D13900EEC94C /* SuperPNG_OutUI_ADM.cpp in Sources */ = {isa = PBXBuildFile; fileRef = 2A82C39A1954D13900EEC94C /* SuperPNG_OutUI_ADM.cpp */; };
		2A82C3B41954D13900EEC94C /* SuperPNG_Scripting.cpp in Sources */ = {isa = PBXBuildFile; fileRef = 2A82C39C1954D13900EEC94C /* SuperPNG_Scripting.cpp */; };
		2A82C3B51954D13900EEC94C /* SuperPNG_UI_Cocoa.mm in Sources */ = {isa = PBXBuildFile; fileRef = 2A82C39F1954D13900EEC94C /* SuperPNG_UI_Cocoa.mm */; };
		2A82C6E81954E90800EEC94C /* liblibpng.a in Frameworks */ = {isa = PBXBuildFile; fileRef = 2A82C6E71954E8F900EEC94C /* liblibpng.a */; };
		2A82C8821954E9C000EEC94C /* liblcms.a in Frameworks */ = {isa = PBXBuildFile; fileRef = 2A82C8811954E9B900EEC94C /* liblcms.a */; };
		2A82CA371954EA7E00EEC94C /* libzlib.a in Frameworks */ = {isa = PBXBuildFile; fileRef = 2A82CA361954EA7A00EEC94C /* libzlib.a */; };
		2A82D2DF1957519400EEC94C /* libpngquant.a in Frameworks */ = {isa = PBXBuildFile; fileRef = 2A82D2DE1957518B00EEC94C /* libpngquant.a */; };
		2A84FC521958B916003B591F /* Appearance.r in Rez */ = {isa = PBXBuildFile; fileRef = 2A84FBFF1958B916003B591F /* Appearance.r */; };
		2A84FC531958B916003B591F /* CarbonEvents.r in Rez */ = {isa = PBXBuildFile; fileRef = 2A84FC011958B916003B591F /* CarbonEvents.r */; };
		2A84FC541958B916003B591F /* ControlDefinitions.r in Rez */ = {isa = PBXBuildFile; fileRef = 2A84FC041958B916003B591F /* ControlDefinitions.r */; };
		2A84FC551958B916003B591F /* Controls.r in Rez */ = {isa = PBXBuildFile; fileRef = 2A84FC061958B916003B591F /* Controls.r */; };
		2A84FC561958B916003B591F /* Dialogs.r in Rez */ = {isa = PBXBuildFile; fileRef = 2A84FC081958B916003B591F /* Dialogs.r */; };
		2A84FC571958B916003B591F /* HIButtonViews.r in Rez */ = {isa = PBXBuildFile; fileRef = 2A84FC0E1958B916003B591F /* HIButtonViews.r */; };
		2A84FC581958B916003B591F /* HIClockView.r in Rez */ = {isa = PBXBuildFile; fileRef = 2A84FC101958B916003B591F /* HIClockView.r */; };
		2A84FC591958B916003B591F /* HIComboBox.r in Rez */ = {isa = PBXBuildFile; fileRef = 2A84FC131958B916003B591F /* HIComboBox.r */; };
		2A84FC5A1958B916003B591F /* HIContainerViews.r in Rez */ = {isa = PBXBuildFile; fileRef = 2A84FC151958B916003B591F /* HIContainerViews.r */; };
		2A84FC5B1958B916003B591F /* HIDataBrowser.r in Rez */ = {isa = PBXBuildFile; fileRef = 2A84FC171958B916003B591F /* HIDataBrowser.r */; };
		2A84FC5C1958B916003B591F /* HIDisclosureViews.r in Rez */ = {isa = PBXBuildFile; fileRef = 2A84FC191958B916003B591F /* HIDisclosureViews.r */; };
		2A84FC5D1958B916003B591F /* HIImageViews.r in Rez */ = {isa = PBXBuildFile; fileRef = 2A84FC1C1958B916003B591F /* HIImageViews.r */; };
		2A84FC5E1958B916003B591F /* HILittleArrows.r in Rez */ = {isa = PBXBuildFile; fileRef = 2A84FC1E1958B916003B591F /* HILittleArrows.r */; };
		2A84FC5F1958B916003B591F /* HIPopupButton.r in Rez */ = {isa = PBXBuildFile; fileRef = 2A84FC221958B916003B591F /* HIPopupButton.r */; };
		2A84FC601958B916003B591F /* HIProgressViews.r in Rez */ = {isa = PBXBuildFile; fileRef = 2A84FC241958B916003B591F /* HIProgressViews.r */; };
		2A84FC611958B916003B591F /* HIScrollView.r in Rez */ = {isa = PBXBuildFile; fileRef = 2A84FC271958B916003B591F /* HIScrollView.r */; };
		2A84FC621958B916003B591F /* HISegmentedView.r in Rez */ = {isa = PBXBuildFile; fileRef = 2A84FC2A1958B916003B591F /* HISegmentedView.r */; };
		2A84FC631958B916003B591F /* HISeparator.r in Rez */ = {isa = PBXBuildFile; fileRef = 2A84FC2C1958B916003B591F /* HISeparator.r */; };
		2A84FC641958B916003B591F /* HISlider.r in Rez */ = {isa = PBXBuildFile; fileRef = 2A84FC2E1958B916003B591F /* HISlider.r */; };
		2A84FC651958B916003B591F /* HITabbedView.r in Rez */ = {isa = PBXBuildFile; fileRef = 2A84FC301958B916003B591F /* HITabbedView.r */; };
		2A84FC661958B916003B591F /* HITextViews.r in Rez */ = {isa = PBXBuildFile; fileRef = 2A84FC341958B916003B591F /* HITextViews.r */; };
		2A84FC671958B916003B591F /* HIToolbox.r in Rez */ = {isa = PBXBuildFile; fileRef = 2A84FC381958B916003B591F /* HIToolbox.r */; };
		2A84FC681958B916003B591F /* MacHelp.r in Rez */ = {isa = PBXBuildFile; fileRef = 2A84FC421958B916003B591F /* MacHelp.r */; };
		2A84FC691958B916003B591F /* MacWindows.r in Rez */ = {isa = PBXBuildFile; fileRef = 2A84FC451958B916003B591F /* MacWindows.r */; };
		2A84FC6A1958B916003B591F /* Menus.r in Rez */ = {isa = PBXBuildFile; fileRef = 2A84FC471958B916003B591F /* Menus.r */; };
		2A84FC6B1958B916003B591F /* TranslationExtensions.r in Rez */ = {isa = PBXBuildFile; fileRef = 2A84FC4F1958B916003B591F /* TranslationExtensions.r */; };
		64126C2B09F979EA006DF4E6 /* PIUSuites.cpp in Sources */ = {isa = PBXBuildFile; fileRef = 64126C2A09F979EA006DF4E6 /* PIUSuites.cpp */; };
		64126C3509F97A19006DF4E6 /* PIUtilities.cpp in Sources */ = {isa = PBXBuildFile; fileRef = 64126C3409F97A19006DF4E6 /* PIUtilities.cpp */; };
		646B5CAA10D31664001A7C6E /* Cocoa.framework in Frameworks */ = {isa = PBXBuildFile; fileRef = 646B5CA910D31664001A7C6E /* Cocoa.framework */; };
		646B5D5F10D31674001A7C6E /* AppKit.framework in Frameworks */ = {isa = PBXBuildFile; fileRef = 646B5D5E10D31674001A7C6E /* AppKit.framework */; };
		647B633E11138E5B0067F135 /* DialogUtilitiesMac.cpp in Sources */ = {isa = PBXBuildFile; fileRef = 64126C2F09F979F7006DF4E6 /* DialogUtilitiesMac.cpp */; };
		647B65A2111396450067F135 /* FileUtilities.cpp in Sources */ = {isa = PBXBuildFile; fileRef = 647B65A1111396450067F135 /* FileUtilities.cpp */; };
		6493F375110E7F3700B0E165 /* FileUtilitiesMac.cpp in Sources */ = {isa = PBXBuildFile; fileRef = 64C38C0510D6A968006A6A12 /* FileUtilitiesMac.cpp */; };
		8D01CCCE0486CAD60068D4B7 /* Carbon.framework in Frameworks */ = {isa = PBXBuildFile; fileRef = 08EA7FFBFE8413EDC02AAC07 /* Carbon.framework */; };
/* End PBXBuildFile section */

/* Begin PBXContainerItemProxy section */
		2A82C6E61954E8F900EEC94C /* PBXContainerItemProxy */ = {
			isa = PBXContainerItemProxy;
			containerPortal = 2A82C6E21954E8F900EEC94C /* libpng.xcodeproj */;
			proxyType = 2;
			remoteGlobalIDString = D2AAC046055464E500DB518D;
			remoteInfo = libpng;
		};
		2A82C6E91954E91200EEC94C /* PBXContainerItemProxy */ = {
			isa = PBXContainerItemProxy;
			containerPortal = 2A82C6E21954E8F900EEC94C /* libpng.xcodeproj */;
			proxyType = 1;
			remoteGlobalIDString = D2AAC045055464E500DB518D;
			remoteInfo = libpng;
		};
		2A82C8801954E9B900EEC94C /* PBXContainerItemProxy */ = {
			isa = PBXContainerItemProxy;
			containerPortal = 2A82C8791954E9B900EEC94C /* lcms.xcodeproj */;
			proxyType = 2;
			remoteGlobalIDString = D2AAC046055464E500DB518D;
			remoteInfo = lcms;
		};
		2A82C8831954E9C900EEC94C /* PBXContainerItemProxy */ = {
			isa = PBXContainerItemProxy;
			containerPortal = 2A82C8791954E9B900EEC94C /* lcms.xcodeproj */;
			proxyType = 1;
			remoteGlobalIDString = D2AAC045055464E500DB518D;
			remoteInfo = lcms;
		};
		2A82CA351954EA7A00EEC94C /* PBXContainerItemProxy */ = {
			isa = PBXContainerItemProxy;
			containerPortal = 2A82CA2E1954EA7A00EEC94C /* zlib.xcodeproj */;
			proxyType = 2;
			remoteGlobalIDString = D2AAC046055464E500DB518D;
			remoteInfo = zlib;
		};
		2A82CA381954EA8800EEC94C /* PBXContainerItemProxy */ = {
			isa = PBXContainerItemProxy;
			containerPortal = 2A82CA2E1954EA7A00EEC94C /* zlib.xcodeproj */;
			proxyType = 1;
			remoteGlobalIDString = D2AAC045055464E500DB518D;
			remoteInfo = zlib;
		};
		2A82D2DD1957518B00EEC94C /* PBXContainerItemProxy */ = {
			isa = PBXContainerItemProxy;
			containerPortal = 2A82D2D91957518B00EEC94C /* pngquant.xcodeproj */;
			proxyType = 2;
			remoteGlobalIDString = D2AAC046055464E500DB518D;
			remoteInfo = pngquant;
		};
		2A82D2E0195751A000EEC94C /* PBXContainerItemProxy */ = {
			isa = PBXContainerItemProxy;
			containerPortal = 2A82D2D91957518B00EEC94C /* pngquant.xcodeproj */;
			proxyType = 1;
			remoteGlobalIDString = D2AAC045055464E500DB518D;
			remoteInfo = pngquant;
		};
/* End PBXContainerItemProxy section */

/* Begin PBXFileReference section */
		08EA7FFBFE8413EDC02AAC07 /* Carbon.framework */ = {isa = PBXFileReference; lastKnownFileType = wrapper.framework; name = Carbon.framework; path = /System/Library/Frameworks/Carbon.framework; sourceTree = "<absolute>"; };
		2A82C3881954D13900EEC94C /* SuperPNG_About.xib */ = {isa = PBXFileReference; lastKnownFileType = file.xib; path = SuperPNG_About.xib; sourceTree = "<group>"; };
		2A82C3891954D13900EEC94C /* SuperPNG_About_Controller.h */ = {isa = PBXFileReference; fileEncoding = 4; lastKnownFileType = sourcecode.c.h; path = SuperPNG_About_Controller.h; sourceTree = "<group>"; };
		2A82C38A1954D13900EEC94C /* SuperPNG_About_Controller.m */ = {isa = PBXFileReference; fileEncoding = 4; lastKnownFileType = sourcecode.c.objc; path = SuperPNG_About_Controller.m; sourceTree = "<group>"; };
		2A82C38B1954D13900EEC94C /* SuperPNG_banner.png */ = {isa = PBXFileReference; lastKnownFileType = image.png; path = SuperPNG_banner.png; sourceTree = "<group>"; };
		2A82C38C1954D13900EEC94C /* SuperPNG_InUI.xib */ = {isa = PBXFileReference; lastKnownFileType = file.xib; path = SuperPNG_InUI.xib; sourceTree = "<group>"; };
		2A82C38D1954D13900EEC94C /* SuperPNG_InUI_Controller.h */ = {isa = PBXFileReference; fileEncoding = 4; lastKnownFileType = sourcecode.c.h; path = SuperPNG_InUI_Controller.h; sourceTree = "<group>"; };
		2A82C38E1954D13900EEC94C /* SuperPNG_InUI_Controller.m */ = {isa = PBXFileReference; fileEncoding = 4; lastKnownFileType = sourcecode.c.objc; path = SuperPNG_InUI_Controller.m; sourceTree = "<group>"; };
		2A82C38F1954D13900EEC94C /* SuperPNG_OutUI.xib */ = {isa = PBXFileReference; lastKnownFileType = file.xib; path = SuperPNG_OutUI.xib; sourceTree = "<group>"; };
		2A82C3901954D13900EEC94C /* SuperPNG_OutUI_Controller.h */ = {isa = PBXFileReference; fileEncoding = 4; lastKnownFileType = sourcecode.c.h; path = SuperPNG_OutUI_Controller.h; sourceTree = "<group>"; };
		2A82C3911954D13900EEC94C /* SuperPNG_OutUI_Controller.m */ = {isa = PBXFileReference; fileEncoding = 4; lastKnownFileType = sourcecode.c.objc; path = SuperPNG_OutUI_Controller.m; sourceTree = "<group>"; };
		2A82C3921954D13900EEC94C /* SuperPNG.cpp */ = {isa = PBXFileReference; fileEncoding = 4; lastKnownFileType = sourcecode.cpp.cpp; path = SuperPNG.cpp; sourceTree = "<group>"; };
		2A82C3931954D13900EEC94C /* SuperPNG.h */ = {isa = PBXFileReference; fileEncoding = 4; lastKnownFileType = sourcecode.c.h; path = SuperPNG.h; sourceTree = "<group>"; };
		2A82C3941954D13900EEC94C /* SuperPNG.r */ = {isa = PBXFileReference; fileEncoding = 4; lastKnownFileType = sourcecode.rez; path = SuperPNG.r; sourceTree = "<group>"; };
		2A82C3951954D13900EEC94C /* SuperPNG_banner.h */ = {isa = PBXFileReference; fileEncoding = 4; lastKnownFileType = sourcecode.c.h; path = SuperPNG_banner.h; sourceTree = "<group>"; };
		2A82C3961954D13900EEC94C /* SuperPNG_Input.cpp */ = {isa = PBXFileReference; fileEncoding = 4; lastKnownFileType = sourcecode.cpp.cpp; path = SuperPNG_Input.cpp; sourceTree = "<group>"; };
		2A82C3971954D13900EEC94C /* SuperPNG_InUI_ADM.cpp */ = {isa = PBXFileReference; fileEncoding = 4; lastKnownFileType = sourcecode.cpp.cpp; path = SuperPNG_InUI_ADM.cpp; sourceTree = "<group>"; };
		2A82C3991954D13900EEC94C /* SuperPNG_Output.cpp */ = {isa = PBXFileReference; fileEncoding = 4; lastKnownFileType = sourcecode.cpp.cpp; path = SuperPNG_Output.cpp; sourceTree = "<group>"; };
		2A82C39A1954D13900EEC94C /* SuperPNG_OutUI_ADM.cpp */ = {isa = PBXFileReference; fileEncoding = 4; lastKnownFileType = sourcecode.cpp.cpp; path = SuperPNG_OutUI_ADM.cpp; sourceTree = "<group>"; };
		2A82C39C1954D13900EEC94C /* SuperPNG_Scripting.cpp */ = {isa = PBXFileReference; fileEncoding = 4; lastKnownFileType = sourcecode.cpp.cpp; path = SuperPNG_Scripting.cpp; sourceTree = "<group>"; };
		2A82C39D1954D13900EEC94C /* SuperPNG_Terminology.h */ = {isa = PBXFileReference; fileEncoding = 4; lastKnownFileType = sourcecode.c.h; path = SuperPNG_Terminology.h; sourceTree = "<group>"; };
		2A82C39E1954D13900EEC94C /* SuperPNG_UI.h */ = {isa = PBXFileReference; fileEncoding = 4; lastKnownFileType = sourcecode.c.h; path = SuperPNG_UI.h; sourceTree = "<group>"; };
		2A82C39F1954D13900EEC94C /* SuperPNG_UI_Cocoa.mm */ = {isa = PBXFileReference; fileEncoding = 4; lastKnownFileType = sourcecode.cpp.objcpp; path = SuperPNG_UI_Cocoa.mm; sourceTree = "<group>"; };
		2A82C3A01954D13900EEC94C /* SuperPNG_Version.h */ = {isa = PBXFileReference; fileEncoding = 4; lastKnownFileType = sourcecode.c.h; path = SuperPNG_Version.h; sourceTree = "<group>"; };
		2A82C6E21954E8F900EEC94C /* libpng.xcodeproj */ = {isa = PBXFileReference; lastKnownFileType = "wrapper.pb-project"; name = libpng.xcodeproj; path = ext/libpng.xcodeproj; sourceTree = "<group>"; };
		2A82C8791954E9B900EEC94C /* lcms.xcodeproj */ = {isa = PBXFileReference; lastKnownFileType = "wrapper.pb-project"; name = lcms.xcodeproj; path = ext/lcms.xcodeproj; sourceTree = "<group>"; };
		2A82CA2E1954EA7A00EEC94C /* zlib.xcodeproj */ = {isa = PBXFileReference; lastKnownFileType = "wrapper.pb-project"; name = zlib.xcodeproj; path = ext/zlib.xcodeproj; sourceTree = "<group>"; };
		2A82D2D91957518B00EEC94C /* pngquant.xcodeproj */ = {isa = PBXFileReference; lastKnownFileType = "wrapper.pb-project"; name = pngquant.xcodeproj; path = ext/pngquant.xcodeproj; sourceTree = "<group>"; };
		2A84FBFD1958B916003B591F /* AEInteraction.h */ = {isa = PBXFileReference; fileEncoding = 4; lastKnownFileType = sourcecode.c.h; name = AEInteraction.h; path = Platforms/MacOSX.platform/Developer/SDKs/MacOSX10.7.sdk/System/Library/Frameworks/Carbon.framework/Versions/A/Frameworks/HIToolbox.framework/Versions/A/Headers/AEInteraction.h; sourceTree = SYSTEM_DEVELOPER_DIR; };
		2A84FBFE1958B916003B591F /* Appearance.h */ = {isa = PBXFileReference; fileEncoding = 4; lastKnownFileType = sourcecode.c.h; name = Appearance.h; path = Platforms/MacOSX.platform/Developer/SDKs/MacOSX10.7.sdk/System/Library/Frameworks/Carbon.framework/Versions/A/Frameworks/HIToolbox.framework/Versions/A/Headers/Appearance.h; sourceTree = SYSTEM_DEVELOPER_DIR; };
		2A84FBFF1958B916003B591F /* Appearance.r */ = {isa = PBXFileReference; fileEncoding = 4; lastKnownFileType = sourcecode.rez; name = Appearance.r; path = Platforms/MacOSX.platform/Developer/SDKs/MacOSX10.7.sdk/System/Library/Frameworks/Carbon.framework/Versions/A/Frameworks/HIToolbox.framework/Versions/A/Headers/Appearance.r; sourceTree = SYSTEM_DEVELOPER_DIR; };
		2A84FC001958B916003B591F /* CarbonEvents.h */ = {isa = PBXFileReference; fileEncoding = 4; lastKnownFileType = sourcecode.c.h; name = CarbonEvents.h; path = Platforms/MacOSX.platform/Developer/SDKs/MacOSX10.7.sdk/System/Library/Frameworks/Carbon.framework/Versions/A/Frameworks/HIToolbox.framework/Versions/A/Headers/CarbonEvents.h; sourceTree = SYSTEM_DEVELOPER_DIR; };
		2A84FC011958B916003B591F /* CarbonEvents.r */ = {isa = PBXFileReference; fileEncoding = 4; lastKnownFileType = sourcecode.rez; name = CarbonEvents.r; path = Platforms/MacOSX.platform/Developer/SDKs/MacOSX10.7.sdk/System/Library/Frameworks/Carbon.framework/Versions/A/Frameworks/HIToolbox.framework/Versions/A/Headers/CarbonEvents.r; sourceTree = SYSTEM_DEVELOPER_DIR; };
		2A84FC021958B916003B591F /* CarbonEventsCore.h */ = {isa = PBXFileReference; fileEncoding = 4; lastKnownFileType = sourcecode.c.h; name = CarbonEventsCore.h; path = Platforms/MacOSX.platform/Developer/SDKs/MacOSX10.7.sdk/System/Library/Frameworks/Carbon.framework/Versions/A/Frameworks/HIToolbox.framework/Versions/A/Headers/CarbonEventsCore.h; sourceTree = SYSTEM_DEVELOPER_DIR; };
		2A84FC031958B916003B591F /* ControlDefinitions.h */ = {isa = PBXFileReference; fileEncoding = 4; lastKnownFileType = sourcecode.c.h; name = ControlDefinitions.h; path = Platforms/MacOSX.platform/Developer/SDKs/MacOSX10.7.sdk/System/Library/Frameworks/Carbon.framework/Versions/A/Frameworks/HIToolbox.framework/Versions/A/Headers/ControlDefinitions.h; sourceTree = SYSTEM_DEVELOPER_DIR; };
		2A84FC041958B916003B591F /* ControlDefinitions.r */ = {isa = PBXFileReference; fileEncoding = 4; lastKnownFileType = sourcecode.rez; name = ControlDefinitions.r; path = Platforms/MacOSX.platform/Developer/SDKs/MacOSX10.7.sdk/System/Library/Frameworks/Carbon.framework/Versions/A/Frameworks/HIToolbox.framework/Versions/A/Headers/ControlDefinitions.r; sourceTree = SYSTEM_DEVELOPER_DIR; };
		2A84FC051958B916003B591F /* Controls.h */ = {isa = PBXFileReference; fileEncoding = 4; lastKnownFileType = sourcecode.c.h; name = Controls.h; path = Platforms/MacOSX.platform/Developer/SDKs/MacOSX10.7.sdk/System/Library/Frameworks/Carbon.framework/Versions/A/Frameworks/HIToolbox.framework/Versions/A/Headers/Controls.h; sourceTree = SYSTEM_DEVELOPER_DIR; };
		2A84FC061958B916003B591F /* Controls.r */ = {isa = PBXFileReference; fileEncoding = 4; lastKnownFileType = sourcecode.rez; name = Controls.r; path = Platforms/MacOSX.platform/Developer/SDKs/MacOSX10.7.sdk/System/Library/Frameworks/Carbon.framework/Versions/A/Frameworks/HIToolbox.framework/Versions/A/Headers/Controls.r; sourceTree = SYSTEM_DEVELOPER_DIR; };
		2A84FC071958B916003B591F /* Dialogs.h */ = {isa = PBXFileReference; fileEncoding = 4; lastKnownFileType = sourcecode.c.h; name = Dialogs.h; path = Platforms/MacOSX.platform/Developer/SDKs/MacOSX10.7.sdk/System/Library/Frameworks/Carbon.framework/Versions/A/Frameworks/HIToolbox.framework/Versions/A/Headers/Dialogs.h; sourceTree = SYSTEM_DEVELOPER_DIR; };
		2A84FC081958B916003B591F /* Dialogs.r */ = {isa = PBXFileReference; fileEncoding = 4; lastKnownFileType = sourcecode.rez; name = Dialogs.r; path = Platforms/MacOSX.platform/Developer/SDKs/MacOSX10.7.sdk/System/Library/Frameworks/Carbon.framework/Versions/A/Frameworks/HIToolbox.framework/Versions/A/Headers/Dialogs.r; sourceTree = SYSTEM_DEVELOPER_DIR; };
		2A84FC091958B916003B591F /* Drag.h */ = {isa = PBXFileReference; fileEncoding = 4; lastKnownFileType = sourcecode.c.h; name = Drag.h; path = Platforms/MacOSX.platform/Developer/SDKs/MacOSX10.7.sdk/System/Library/Frameworks/Carbon.framework/Versions/A/Frameworks/HIToolbox.framework/Versions/A/Headers/Drag.h; sourceTree = SYSTEM_DEVELOPER_DIR; };
		2A84FC0A1958B916003B591F /* Events.h */ = {isa = PBXFileReference; fileEncoding = 4; lastKnownFileType = sourcecode.c.h; name = Events.h; path = Platforms/MacOSX.platform/Developer/SDKs/MacOSX10.7.sdk/System/Library/Frameworks/Carbon.framework/Versions/A/Frameworks/HIToolbox.framework/Versions/A/Headers/Events.h; sourceTree = SYSTEM_DEVELOPER_DIR; };
		2A84FC0B1958B916003B591F /* HIAccessibility.h */ = {isa = PBXFileReference; fileEncoding = 4; lastKnownFileType = sourcecode.c.h; name = HIAccessibility.h; path = Platforms/MacOSX.platform/Developer/SDKs/MacOSX10.7.sdk/System/Library/Frameworks/Carbon.framework/Versions/A/Frameworks/HIToolbox.framework/Versions/A/Headers/HIAccessibility.h; sourceTree = SYSTEM_DEVELOPER_DIR; };
		2A84FC0C1958B916003B591F /* HIArchive.h */ = {isa = PBXFileReference; fileEncoding = 4; lastKnownFileType = sourcecode.c.h; name = HIArchive.h; path = Platforms/MacOSX.platform/Developer/SDKs/MacOSX10.7.sdk/System/Library/Frameworks/Carbon.framework/Versions/A/Frameworks/HIToolbox.framework/Versions/A/Headers/HIArchive.h; sourceTree = SYSTEM_DEVELOPER_DIR; };
		2A84FC0D1958B916003B591F /* HIButtonViews.h */ = {isa = PBXFileReference; fileEncoding = 4; lastKnownFileType = sourcecode.c.h; name = HIButtonViews.h; path = Platforms/MacOSX.platform/Developer/SDKs/MacOSX10.7.sdk/System/Library/Frameworks/Carbon.framework/Versions/A/Frameworks/HIToolbox.framework/Versions/A/Headers/HIButtonViews.h; sourceTree = SYSTEM_DEVELOPER_DIR; };
		2A84FC0E1958B916003B591F /* HIButtonViews.r */ = {isa = PBXFileReference; fileEncoding = 4; lastKnownFileType = sourcecode.rez; name = HIButtonViews.r; path = Platforms/MacOSX.platform/Developer/SDKs/MacOSX10.7.sdk/System/Library/Frameworks/Carbon.framework/Versions/A/Frameworks/HIToolbox.framework/Versions/A/Headers/HIButtonViews.r; sourceTree = SYSTEM_DEVELOPER_DIR; };
		2A84FC0F1958B916003B591F /* HIClockView.h */ = {isa = PBXFileReference; fileEncoding = 4; lastKnownFileType = sourcecode.c.h; name = HIClockView.h; path = Platforms/MacOSX.platform/Developer/SDKs/MacOSX10.7.sdk/System/Library/Frameworks/Carbon.framework/Versions/A/Frameworks/HIToolbox.framework/Versions/A/Headers/HIClockView.h; sourceTree = SYSTEM_DEVELOPER_DIR; };
		2A84FC101958B916003B591F /* HIClockView.r */ = {isa = PBXFileReference; fileEncoding = 4; lastKnownFileType = sourcecode.rez; name = HIClockView.r; path = Platforms/MacOSX.platform/Developer/SDKs/MacOSX10.7.sdk/System/Library/Frameworks/Carbon.framework/Versions/A/Frameworks/HIToolbox.framework/Versions/A/Headers/HIClockView.r; sourceTree = SYSTEM_DEVELOPER_DIR; };
		2A84FC111958B916003B591F /* HICocoaView.h */ = {isa = PBXFileReference; fileEncoding = 4; lastKnownFileType = sourcecode.c.h; name = HICocoaView.h; path = Platforms/MacOSX.platform/Developer/SDKs/MacOSX10.7.sdk/System/Library/Frameworks/Carbon.framework/Versions/A/Frameworks/HIToolbox.framework/Versions/A/Headers/HICocoaView.h; sourceTree = SYSTEM_DEVELOPER_DIR; };
		2A84FC121958B916003B591F /* HIComboBox.h */ = {isa = PBXFileReference; fileEncoding = 4; lastKnownFileType = sourcecode.c.h; name = HIComboBox.h; path = Platforms/MacOSX.platform/Developer/SDKs/MacOSX10.7.sdk/System/Library/Frameworks/Carbon.framework/Versions/A/Frameworks/HIToolbox.framework/Versions/A/Headers/HIComboBox.h; sourceTree = SYSTEM_DEVELOPER_DIR; };
		2A84FC131958B916003B591F /* HIComboBox.r */ = {isa = PBXFileReference; fileEncoding = 4; lastKnownFileType = sourcecode.rez; name = HIComboBox.r; path = Platforms/MacOSX.platform/Developer/SDKs/MacOSX10.7.sdk/System/Library/Frameworks/Carbon.framework/Versions/A/Frameworks/HIToolbox.framework/Versions/A/Headers/HIComboBox.r; sourceTree = SYSTEM_DEVELOPER_DIR; };
		2A84FC141958B916003B591F /* HIContainerViews.h */ = {isa = PBXFileReference; fileEncoding = 4; lastKnownFileType = sourcecode.c.h; name = HIContainerViews.h; path = Platforms/MacOSX.platform/Developer/SDKs/MacOSX10.7.sdk/System/Library/Frameworks/Carbon.framework/Versions/A/Frameworks/HIToolbox.framework/Versions/A/Headers/HIContainerViews.h; sourceTree = SYSTEM_DEVELOPER_DIR; };
		2A84FC151958B916003B591F /* HIContainerViews.r */ = {isa = PBXFileReference; fileEncoding = 4; lastKnownFileType = sourcecode.rez; name = HIContainerViews.r; path = Platforms/MacOSX.platform/Developer/SDKs/MacOSX10.7.sdk/System/Library/Frameworks/Carbon.framework/Versions/A/Frameworks/HIToolbox.framework/Versions/A/Headers/HIContainerViews.r; sourceTree = SYSTEM_DEVELOPER_DIR; };
		2A84FC161958B916003B591F /* HIDataBrowser.h */ = {isa = PBXFileReference; fileEncoding = 4; lastKnownFileType = sourcecode.c.h; name = HIDataBrowser.h; path = Platforms/MacOSX.platform/Developer/SDKs/MacOSX10.7.sdk/System/Library/Frameworks/Carbon.framework/Versions/A/Frameworks/HIToolbox.framework/Versions/A/Headers/HIDataBrowser.h; sourceTree = SYSTEM_DEVELOPER_DIR; };
		2A84FC171958B916003B591F /* HIDataBrowser.r */ = {isa = PBXFileReference; fileEncoding = 4; lastKnownFileType = sourcecode.rez; name = HIDataBrowser.r; path = Platforms/MacOSX.platform/Developer/SDKs/MacOSX10.7.sdk/System/Library/Frameworks/Carbon.framework/Versions/A/Frameworks/HIToolbox.framework/Versions/A/Headers/HIDataBrowser.r; sourceTree = SYSTEM_DEVELOPER_DIR; };
		2A84FC181958B916003B591F /* HIDisclosureViews.h */ = {isa = PBXFileReference; fileEncoding = 4; lastKnownFileType = sourcecode.c.h; name = HIDisclosureViews.h; path = Platforms/MacOSX.platform/Developer/SDKs/MacOSX10.7.sdk/System/Library/Frameworks/Carbon.framework/Versions/A/Frameworks/HIToolbox.framework/Versions/A/Headers/HIDisclosureViews.h; sourceTree = SYSTEM_DEVELOPER_DIR; };
		2A84FC191958B916003B591F /* HIDisclosureViews.r */ = {isa = PBXFileReference; fileEncoding = 4; lastKnownFileType = sourcecode.rez; name = HIDisclosureViews.r; path = Platforms/MacOSX.platform/Developer/SDKs/MacOSX10.7.sdk/System/Library/Frameworks/Carbon.framework/Versions/A/Frameworks/HIToolbox.framework/Versions/A/Headers/HIDisclosureViews.r; sourceTree = SYSTEM_DEVELOPER_DIR; };
		2A84FC1A1958B916003B591F /* HIGeometry.h */ = {isa = PBXFileReference; fileEncoding = 4; lastKnownFileType = sourcecode.c.h; name = HIGeometry.h; path = Platforms/MacOSX.platform/Developer/SDKs/MacOSX10.7.sdk/System/Library/Frameworks/Carbon.framework/Versions/A/Frameworks/HIToolbox.framework/Versions/A/Headers/HIGeometry.h; sourceTree = SYSTEM_DEVELOPER_DIR; };
		2A84FC1B1958B916003B591F /* HIImageViews.h */ = {isa = PBXFileReference; fileEncoding = 4; lastKnownFileType = sourcecode.c.h; name = HIImageViews.h; path = Platforms/MacOSX.platform/Developer/SDKs/MacOSX10.7.sdk/System/Library/Frameworks/Carbon.framework/Versions/A/Frameworks/HIToolbox.framework/Versions/A/Headers/HIImageViews.h; sourceTree = SYSTEM_DEVELOPER_DIR; };
		2A84FC1C1958B916003B591F /* HIImageViews.r */ = {isa = PBXFileReference; fileEncoding = 4; lastKnownFileType = sourcecode.rez; name = HIImageViews.r; path = Platforms/MacOSX.platform/Developer/SDKs/MacOSX10.7.sdk/System/Library/Frameworks/Carbon.framework/Versions/A/Frameworks/HIToolbox.framework/Versions/A/Headers/HIImageViews.r; sourceTree = SYSTEM_DEVELOPER_DIR; };
		2A84FC1D1958B916003B591F /* HILittleArrows.h */ = {isa = PBXFileReference; fileEncoding = 4; lastKnownFileType = sourcecode.c.h; name = HILittleArrows.h; path = Platforms/MacOSX.platform/Developer/SDKs/MacOSX10.7.sdk/System/Library/Frameworks/Carbon.framework/Versions/A/Frameworks/HIToolbox.framework/Versions/A/Headers/HILittleArrows.h; sourceTree = SYSTEM_DEVELOPER_DIR; };
		2A84FC1E1958B916003B591F /* HILittleArrows.r */ = {isa = PBXFileReference; fileEncoding = 4; lastKnownFileType = sourcecode.rez; name = HILittleArrows.r; path = Platforms/MacOSX.platform/Developer/SDKs/MacOSX10.7.sdk/System/Library/Frameworks/Carbon.framework/Versions/A/Frameworks/HIToolbox.framework/Versions/A/Headers/HILittleArrows.r; sourceTree = SYSTEM_DEVELOPER_DIR; };
		2A84FC1F1958B916003B591F /* HIMenuView.h */ = {isa = PBXFileReference; fileEncoding = 4; lastKnownFileType = sourcecode.c.h; name = HIMenuView.h; path = Platforms/MacOSX.platform/Developer/SDKs/MacOSX10.7.sdk/System/Library/Frameworks/Carbon.framework/Versions/A/Frameworks/HIToolbox.framework/Versions/A/Headers/HIMenuView.h; sourceTree = SYSTEM_DEVELOPER_DIR; };
		2A84FC201958B916003B591F /* HIObject.h */ = {isa = PBXFileReference; fileEncoding = 4; lastKnownFileType = sourcecode.c.h; name = HIObject.h; path = Platforms/MacOSX.platform/Developer/SDKs/MacOSX10.7.sdk/System/Library/Frameworks/Carbon.framework/Versions/A/Frameworks/HIToolbox.framework/Versions/A/Headers/HIObject.h; sourceTree = SYSTEM_DEVELOPER_DIR; };
		2A84FC211958B916003B591F /* HIPopupButton.h */ = {isa = PBXFileReference; fileEncoding = 4; lastKnownFileType = sourcecode.c.h; name = HIPopupButton.h; path = Platforms/MacOSX.platform/Developer/SDKs/MacOSX10.7.sdk/System/Library/Frameworks/Carbon.framework/Versions/A/Frameworks/HIToolbox.framework/Versions/A/Headers/HIPopupButton.h; sourceTree = SYSTEM_DEVELOPER_DIR; };
		2A84FC221958B916003B591F /* HIPopupButton.r */ = {isa = PBXFileReference; fileEncoding = 4; lastKnownFileType = sourcecode.rez; name = HIPopupButton.r; path = Platforms/MacOSX.platform/Developer/SDKs/MacOSX10.7.sdk/System/Library/Frameworks/Carbon.framework/Versions/A/Frameworks/HIToolbox.framework/Versions/A/Headers/HIPopupButton.r; sourceTree = SYSTEM_DEVELOPER_DIR; };
		2A84FC231958B916003B591F /* HIProgressViews.h */ = {isa = PBXFileReference; fileEncoding = 4; lastKnownFileType = sourcecode.c.h; name = HIProgressViews.h; path = Platforms/MacOSX.platform/Developer/SDKs/MacOSX10.7.sdk/System/Library/Frameworks/Carbon.framework/Versions/A/Frameworks/HIToolbox.framework/Versions/A/Headers/HIProgressViews.h; sourceTree = SYSTEM_DEVELOPER_DIR; };
		2A84FC241958B916003B591F /* HIProgressViews.r */ = {isa = PBXFileReference; fileEncoding = 4; lastKnownFileType = sourcecode.rez; name = HIProgressViews.r; path = Platforms/MacOSX.platform/Developer/SDKs/MacOSX10.7.sdk/System/Library/Frameworks/Carbon.framework/Versions/A/Frameworks/HIToolbox.framework/Versions/A/Headers/HIProgressViews.r; sourceTree = SYSTEM_DEVELOPER_DIR; };
		2A84FC251958B916003B591F /* HIRelevanceBar.h */ = {isa = PBXFileReference; fileEncoding = 4; lastKnownFileType = sourcecode.c.h; name = HIRelevanceBar.h; path = Platforms/MacOSX.platform/Developer/SDKs/MacOSX10.7.sdk/System/Library/Frameworks/Carbon.framework/Versions/A/Frameworks/HIToolbox.framework/Versions/A/Headers/HIRelevanceBar.h; sourceTree = SYSTEM_DEVELOPER_DIR; };
		2A84FC261958B916003B591F /* HIScrollView.h */ = {isa = PBXFileReference; fileEncoding = 4; lastKnownFileType = sourcecode.c.h; name = HIScrollView.h; path = Platforms/MacOSX.platform/Developer/SDKs/MacOSX10.7.sdk/System/Library/Frameworks/Carbon.framework/Versions/A/Frameworks/HIToolbox.framework/Versions/A/Headers/HIScrollView.h; sourceTree = SYSTEM_DEVELOPER_DIR; };
		2A84FC271958B916003B591F /* HIScrollView.r */ = {isa = PBXFileReference; fileEncoding = 4; lastKnownFileType = sourcecode.rez; name = HIScrollView.r; path = Platforms/MacOSX.platform/Developer/SDKs/MacOSX10.7.sdk/System/Library/Frameworks/Carbon.framework/Versions/A/Frameworks/HIToolbox.framework/Versions/A/Headers/HIScrollView.r; sourceTree = SYSTEM_DEVELOPER_DIR; };
		2A84FC281958B916003B591F /* HISearchField.h */ = {isa = PBXFileReference; fileEncoding = 4; lastKnownFileType = sourcecode.c.h; name = HISearchField.h; path = Platforms/MacOSX.platform/Developer/SDKs/MacOSX10.7.sdk/System/Library/Frameworks/Carbon.framework/Versions/A/Frameworks/HIToolbox.framework/Versions/A/Headers/HISearchField.h; sourceTree = SYSTEM_DEVELOPER_DIR; };
		2A84FC291958B916003B591F /* HISegmentedView.h */ = {isa = PBXFileReference; fileEncoding = 4; lastKnownFileType = sourcecode.c.h; name = HISegmentedView.h; path = Platforms/MacOSX.platform/Developer/SDKs/MacOSX10.7.sdk/System/Library/Frameworks/Carbon.framework/Versions/A/Frameworks/HIToolbox.framework/Versions/A/Headers/HISegmentedView.h; sourceTree = SYSTEM_DEVELOPER_DIR; };
		2A84FC2A1958B916003B591F /* HISegmentedView.r */ = {isa = PBXFileReference; fileEncoding = 4; lastKnownFileType = sourcecode.rez; name = HISegmentedView.r; path = Platforms/MacOSX.platform/Developer/SDKs/MacOSX10.7.sdk/System/Library/Frameworks/Carbon.framework/Versions/A/Frameworks/HIToolbox.framework/Versions/A/Headers/HISegmentedView.r; sourceTree = SYSTEM_DEVELOPER_DIR; };
		2A84FC2B1958B916003B591F /* HISeparator.h */ = {isa = PBXFileReference; fileEncoding = 4; lastKnownFileType = sourcecode.c.h; name = HISeparator.h; path = Platforms/MacOSX.platform/Developer/SDKs/MacOSX10.7.sdk/System/Library/Frameworks/Carbon.framework/Versions/A/Frameworks/HIToolbox.framework/Versions/A/Headers/HISeparator.h; sourceTree = SYSTEM_DEVELOPER_DIR; };
		2A84FC2C1958B916003B591F /* HISeparator.r */ = {isa = PBXFileReference; fileEncoding = 4; lastKnownFileType = sourcecode.rez; name = HISeparator.r; path = Platforms/MacOSX.platform/Developer/SDKs/MacOSX10.7.sdk/System/Library/Frameworks/Carbon.framework/Versions/A/Frameworks/HIToolbox.framework/Versions/A/Headers/HISeparator.r; sourceTree = SYSTEM_DEVELOPER_DIR; };
		2A84FC2D1958B916003B591F /* HISlider.h */ = {isa = PBXFileReference; fileEncoding = 4; lastKnownFileType = sourcecode.c.h; name = HISlider.h; path = Platforms/MacOSX.platform/Developer/SDKs/MacOSX10.7.sdk/System/Library/Frameworks/Carbon.framework/Versions/A/Frameworks/HIToolbox.framework/Versions/A/Headers/HISlider.h; sourceTree = SYSTEM_DEVELOPER_DIR; };
		2A84FC2E1958B916003B591F /* HISlider.r */ = {isa = PBXFileReference; fileEncoding = 4; lastKnownFileType = sourcecode.rez; name = HISlider.r; path = Platforms/MacOSX.platform/Developer/SDKs/MacOSX10.7.sdk/System/Library/Frameworks/Carbon.framework/Versions/A/Frameworks/HIToolbox.framework/Versions/A/Headers/HISlider.r; sourceTree = SYSTEM_DEVELOPER_DIR; };
		2A84FC2F1958B916003B591F /* HITabbedView.h */ = {isa = PBXFileReference; fileEncoding = 4; lastKnownFileType = sourcecode.c.h; name = HITabbedView.h; path = Platforms/MacOSX.platform/Developer/SDKs/MacOSX10.7.sdk/System/Library/Frameworks/Carbon.framework/Versions/A/Frameworks/HIToolbox.framework/Versions/A/Headers/HITabbedView.h; sourceTree = SYSTEM_DEVELOPER_DIR; };
		2A84FC301958B916003B591F /* HITabbedView.r */ = {isa = PBXFileReference; fileEncoding = 4; lastKnownFileType = sourcecode.rez; name = HITabbedView.r; path = Platforms/MacOSX.platform/Developer/SDKs/MacOSX10.7.sdk/System/Library/Frameworks/Carbon.framework/Versions/A/Frameworks/HIToolbox.framework/Versions/A/Headers/HITabbedView.r; sourceTree = SYSTEM_DEVELOPER_DIR; };
		2A84FC311958B916003B591F /* HITextLengthFilter.h */ = {isa = PBXFileReference; fileEncoding = 4; lastKnownFileType = sourcecode.c.h; name = HITextLengthFilter.h; path = Platforms/MacOSX.platform/Developer/SDKs/MacOSX10.7.sdk/System/Library/Frameworks/Carbon.framework/Versions/A/Frameworks/HIToolbox.framework/Versions/A/Headers/HITextLengthFilter.h; sourceTree = SYSTEM_DEVELOPER_DIR; };
		2A84FC321958B916003B591F /* HITextUtils.h */ = {isa = PBXFileReference; fileEncoding = 4; lastKnownFileType = sourcecode.c.h; name = HITextUtils.h; path = Platforms/MacOSX.platform/Developer/SDKs/MacOSX10.7.sdk/System/Library/Frameworks/Carbon.framework/Versions/A/Frameworks/HIToolbox.framework/Versions/A/Headers/HITextUtils.h; sourceTree = SYSTEM_DEVELOPER_DIR; };
		2A84FC331958B916003B591F /* HITextViews.h */ = {isa = PBXFileReference; fileEncoding = 4; lastKnownFileType = sourcecode.c.h; name = HITextViews.h; path = Platforms/MacOSX.platform/Developer/SDKs/MacOSX10.7.sdk/System/Library/Frameworks/Carbon.framework/Versions/A/Frameworks/HIToolbox.framework/Versions/A/Headers/HITextViews.h; sourceTree = SYSTEM_DEVELOPER_DIR; };
		2A84FC341958B916003B591F /* HITextViews.r */ = {isa = PBXFileReference; fileEncoding = 4; lastKnownFileType = sourcecode.rez; name = HITextViews.r; path = Platforms/MacOSX.platform/Developer/SDKs/MacOSX10.7.sdk/System/Library/Frameworks/Carbon.framework/Versions/A/Frameworks/HIToolbox.framework/Versions/A/Headers/HITextViews.r; sourceTree = SYSTEM_DEVELOPER_DIR; };
		2A84FC351958B916003B591F /* HITheme.h */ = {isa = PBXFileReference; fileEncoding = 4; lastKnownFileType = sourcecode.c.h; name = HITheme.h; path = Platforms/MacOSX.platform/Developer/SDKs/MacOSX10.7.sdk/System/Library/Frameworks/Carbon.framework/Versions/A/Frameworks/HIToolbox.framework/Versions/A/Headers/HITheme.h; sourceTree = SYSTEM_DEVELOPER_DIR; };
		2A84FC361958B916003B591F /* HIToolbar.h */ = {isa = PBXFileReference; fileEncoding = 4; lastKnownFileType = sourcecode.c.h; name = HIToolbar.h; path = Platforms/MacOSX.platform/Developer/SDKs/MacOSX10.7.sdk/System/Library/Frameworks/Carbon.framework/Versions/A/Frameworks/HIToolbox.framework/Versions/A/Headers/HIToolbar.h; sourceTree = SYSTEM_DEVELOPER_DIR; };
		2A84FC371958B916003B591F /* HIToolbox.h */ = {isa = PBXFileReference; fileEncoding = 4; lastKnownFileType = sourcecode.c.h; name = HIToolbox.h; path = Platforms/MacOSX.platform/Developer/SDKs/MacOSX10.7.sdk/System/Library/Frameworks/Carbon.framework/Versions/A/Frameworks/HIToolbox.framework/Versions/A/Headers/HIToolbox.h; sourceTree = SYSTEM_DEVELOPER_DIR; };
		2A84FC381958B916003B591F /* HIToolbox.r */ = {isa = PBXFileReference; fileEncoding = 4; lastKnownFileType = sourcecode.rez; name = HIToolbox.r; path = Platforms/MacOSX.platform/Developer/SDKs/MacOSX10.7.sdk/System/Library/Frameworks/Carbon.framework/Versions/A/Frameworks/HIToolbox.framework/Versions/A/Headers/HIToolbox.r; sourceTree = SYSTEM_DEVELOPER_DIR; };
		2A84FC391958B916003B591F /* HIToolboxDebugging.h */ = {isa = PBXFileReference; fileEncoding = 4; lastKnownFileType = sourcecode.c.h; name = HIToolboxDebugging.h; path = Platforms/MacOSX.platform/Developer/SDKs/MacOSX10.7.sdk/System/Library/Frameworks/Carbon.framework/Versions/A/Frameworks/HIToolbox.framework/Versions/A/Headers/HIToolboxDebugging.h; sourceTree = SYSTEM_DEVELOPER_DIR; };
		2A84FC3A1958B916003B591F /* HIView.h */ = {isa = PBXFileReference; fileEncoding = 4; lastKnownFileType = sourcecode.c.h; name = HIView.h; path = Platforms/MacOSX.platform/Developer/SDKs/MacOSX10.7.sdk/System/Library/Frameworks/Carbon.framework/Versions/A/Frameworks/HIToolbox.framework/Versions/A/Headers/HIView.h; sourceTree = SYSTEM_DEVELOPER_DIR; };
		2A84FC3B1958B916003B591F /* HIWindowViews.h */ = {isa = PBXFileReference; fileEncoding = 4; lastKnownFileType = sourcecode.c.h; name = HIWindowViews.h; path = Platforms/MacOSX.platform/Developer/SDKs/MacOSX10.7.sdk/System/Library/Frameworks/Carbon.framework/Versions/A/Frameworks/HIToolbox.framework/Versions/A/Headers/HIWindowViews.h; sourceTree = SYSTEM_DEVELOPER_DIR; };
		2A84FC3C1958B916003B591F /* IBCarbonRuntime.h */ = {isa = PBXFileReference; fileEncoding = 4; lastKnownFileType = sourcecode.c.h; name = IBCarbonRuntime.h; path = Platforms/MacOSX.platform/Developer/SDKs/MacOSX10.7.sdk/System/Library/Frameworks/Carbon.framework/Versions/A/Frameworks/HIToolbox.framework/Versions/A/Headers/IBCarbonRuntime.h; sourceTree = SYSTEM_DEVELOPER_DIR; };
		2A84FC3D1958B916003B591F /* IMKInputSession.h */ = {isa = PBXFileReference; fileEncoding = 4; lastKnownFileType = sourcecode.c.h; name = IMKInputSession.h; path = Platforms/MacOSX.platform/Developer/SDKs/MacOSX10.7.sdk/System/Library/Frameworks/Carbon.framework/Versions/A/Frameworks/HIToolbox.framework/Versions/A/Headers/IMKInputSession.h; sourceTree = SYSTEM_DEVELOPER_DIR; };
		2A84FC3E1958B916003B591F /* Keyboards.h */ = {isa = PBXFileReference; fileEncoding = 4; lastKnownFileType = sourcecode.c.h; name = Keyboards.h; path = Platforms/MacOSX.platform/Developer/SDKs/MacOSX10.7.sdk/System/Library/Frameworks/Carbon.framework/Versions/A/Frameworks/HIToolbox.framework/Versions/A/Headers/Keyboards.h; sourceTree = SYSTEM_DEVELOPER_DIR; };
		2A84FC3F1958B916003B591F /* Lists.h */ = {isa = PBXFileReference; fileEncoding = 4; lastKnownFileType = sourcecode.c.h; name = Lists.h; path = Platforms/MacOSX.platform/Developer/SDKs/MacOSX10.7.sdk/System/Library/Frameworks/Carbon.framework/Versions/A/Frameworks/HIToolbox.framework/Versions/A/Headers/Lists.h; sourceTree = SYSTEM_DEVELOPER_DIR; };
		2A84FC401958B916003B591F /* MacApplication.h */ = {isa = PBXFileReference; fileEncoding = 4; lastKnownFileType = sourcecode.c.h; name = MacApplication.h; path = Platforms/MacOSX.platform/Developer/SDKs/MacOSX10.7.sdk/System/Library/Frameworks/Carbon.framework/Versions/A/Frameworks/HIToolbox.framework/Versions/A/Headers/MacApplication.h; sourceTree = SYSTEM_DEVELOPER_DIR; };
		2A84FC411958B916003B591F /* MacHelp.h */ = {isa = PBXFileReference; fileEncoding = 4; lastKnownFileType = sourcecode.c.h; name = MacHelp.h; path = Platforms/MacOSX.platform/Developer/SDKs/MacOSX10.7.sdk/System/Library/Frameworks/Carbon.framework/Versions/A/Frameworks/HIToolbox.framework/Versions/A/Headers/MacHelp.h; sourceTree = SYSTEM_DEVELOPER_DIR; };
		2A84FC421958B916003B591F /* MacHelp.r */ = {isa = PBXFileReference; fileEncoding = 4; lastKnownFileType = sourcecode.rez; name = MacHelp.r; path = Platforms/MacOSX.platform/Developer/SDKs/MacOSX10.7.sdk/System/Library/Frameworks/Carbon.framework/Versions/A/Frameworks/HIToolbox.framework/Versions/A/Headers/MacHelp.r; sourceTree = SYSTEM_DEVELOPER_DIR; };
		2A84FC431958B916003B591F /* MacTextEditor.h */ = {isa = PBXFileReference; fileEncoding = 4; lastKnownFileType = sourcecode.c.h; name = MacTextEditor.h; path = Platforms/MacOSX.platform/Developer/SDKs/MacOSX10.7.sdk/System/Library/Frameworks/Carbon.framework/Versions/A/Frameworks/HIToolbox.framework/Versions/A/Headers/MacTextEditor.h; sourceTree = SYSTEM_DEVELOPER_DIR; };
		2A84FC441958B916003B591F /* MacWindows.h */ = {isa = PBXFileReference; fileEncoding = 4; lastKnownFileType = sourcecode.c.h; name = MacWindows.h; path = Platforms/MacOSX.platform/Developer/SDKs/MacOSX10.7.sdk/System/Library/Frameworks/Carbon.framework/Versions/A/Frameworks/HIToolbox.framework/Versions/A/Headers/MacWindows.h; sourceTree = SYSTEM_DEVELOPER_DIR; };
		2A84FC451958B916003B591F /* MacWindows.r */ = {isa = PBXFileReference; fileEncoding = 4; lastKnownFileType = sourcecode.rez; name = MacWindows.r; path = Platforms/MacOSX.platform/Developer/SDKs/MacOSX10.7.sdk/System/Library/Frameworks/Carbon.framework/Versions/A/Frameworks/HIToolbox.framework/Versions/A/Headers/MacWindows.r; sourceTree = SYSTEM_DEVELOPER_DIR; };
		2A84FC461958B916003B591F /* Menus.h */ = {isa = PBXFileReference; fileEncoding = 4; lastKnownFileType = sourcecode.c.h; name = Menus.h; path = Platforms/MacOSX.platform/Developer/SDKs/MacOSX10.7.sdk/System/Library/Frameworks/Carbon.framework/Versions/A/Frameworks/HIToolbox.framework/Versions/A/Headers/Menus.h; sourceTree = SYSTEM_DEVELOPER_DIR; };
		2A84FC471958B916003B591F /* Menus.r */ = {isa = PBXFileReference; fileEncoding = 4; lastKnownFileType = sourcecode.rez; name = Menus.r; path = Platforms/MacOSX.platform/Developer/SDKs/MacOSX10.7.sdk/System/Library/Frameworks/Carbon.framework/Versions/A/Frameworks/HIToolbox.framework/Versions/A/Headers/Menus.r; sourceTree = SYSTEM_DEVELOPER_DIR; };
		2A84FC481958B916003B591F /* Notification.h */ = {isa = PBXFileReference; fileEncoding = 4; lastKnownFileType = sourcecode.c.h; name = Notification.h; path = Platforms/MacOSX.platform/Developer/SDKs/MacOSX10.7.sdk/System/Library/Frameworks/Carbon.framework/Versions/A/Frameworks/HIToolbox.framework/Versions/A/Headers/Notification.h; sourceTree = SYSTEM_DEVELOPER_DIR; };
		2A84FC491958B916003B591F /* Scrap.h */ = {isa = PBXFileReference; fileEncoding = 4; lastKnownFileType = sourcecode.c.h; name = Scrap.h; path = Platforms/MacOSX.platform/Developer/SDKs/MacOSX10.7.sdk/System/Library/Frameworks/Carbon.framework/Versions/A/Frameworks/HIToolbox.framework/Versions/A/Headers/Scrap.h; sourceTree = SYSTEM_DEVELOPER_DIR; };
		2A84FC4A1958B916003B591F /* TextEdit.h */ = {isa = PBXFileReference; fileEncoding = 4; lastKnownFileType = sourcecode.c.h; name = TextEdit.h; path = Platforms/MacOSX.platform/Developer/SDKs/MacOSX10.7.sdk/System/Library/Frameworks/Carbon.framework/Versions/A/Frameworks/HIToolbox.framework/Versions/A/Headers/TextEdit.h; sourceTree = SYSTEM_DEVELOPER_DIR; };
		2A84FC4B1958B916003B591F /* TextInputSources.h */ = {isa = PBXFileReference; fileEncoding = 4; lastKnownFileType = sourcecode.c.h; name = TextInputSources.h; path = Platforms/MacOSX.platform/Developer/SDKs/MacOSX10.7.sdk/System/Library/Frameworks/Carbon.framework/Versions/A/Frameworks/HIToolbox.framework/Versions/A/Headers/TextInputSources.h; sourceTree = SYSTEM_DEVELOPER_DIR; };
		2A84FC4C1958B916003B591F /* TextServices.h */ = {isa = PBXFileReference; fileEncoding = 4; lastKnownFileType = sourcecode.c.h; name = TextServices.h; path = Platforms/MacOSX.platform/Developer/SDKs/MacOSX10.7.sdk/System/Library/Frameworks/Carbon.framework/Versions/A/Frameworks/HIToolbox.framework/Versions/A/Headers/TextServices.h; sourceTree = SYSTEM_DEVELOPER_DIR; };
		2A84FC4D1958B916003B591F /* Translation.h */ = {isa = PBXFileReference; fileEncoding = 4; lastKnownFileType = sourcecode.c.h; name = Translation.h; path = Platforms/MacOSX.platform/Developer/SDKs/MacOSX10.7.sdk/System/Library/Frameworks/Carbon.framework/Versions/A/Frameworks/HIToolbox.framework/Versions/A/Headers/Translation.h; sourceTree = SYSTEM_DEVELOPER_DIR; };
		2A84FC4E1958B916003B591F /* TranslationExtensions.h */ = {isa = PBXFileReference; fileEncoding = 4; lastKnownFileType = sourcecode.c.h; name = TranslationExtensions.h; path = Platforms/MacOSX.platform/Developer/SDKs/MacOSX10.7.sdk/System/Library/Frameworks/Carbon.framework/Versions/A/Frameworks/HIToolbox.framework/Versions/A/Headers/TranslationExtensions.h; sourceTree = SYSTEM_DEVELOPER_DIR; };
		2A84FC4F1958B916003B591F /* TranslationExtensions.r */ = {isa = PBXFileReference; fileEncoding = 4; lastKnownFileType = sourcecode.rez; name = TranslationExtensions.r; path = Platforms/MacOSX.platform/Developer/SDKs/MacOSX10.7.sdk/System/Library/Frameworks/Carbon.framework/Versions/A/Frameworks/HIToolbox.framework/Versions/A/Headers/TranslationExtensions.r; sourceTree = SYSTEM_DEVELOPER_DIR; };
		2A84FC501958B916003B591F /* TSMTE.h */ = {isa = PBXFileReference; fileEncoding = 4; lastKnownFileType = sourcecode.c.h; name = TSMTE.h; path = Platforms/MacOSX.platform/Developer/SDKs/MacOSX10.7.sdk/System/Library/Frameworks/Carbon.framework/Versions/A/Frameworks/HIToolbox.framework/Versions/A/Headers/TSMTE.h; sourceTree = SYSTEM_DEVELOPER_DIR; };
		2A84FC511958B916003B591F /* TypeSelect.h */ = {isa = PBXFileReference; fileEncoding = 4; lastKnownFileType = sourcecode.c.h; name = TypeSelect.h; path = Platforms/MacOSX.platform/Developer/SDKs/MacOSX10.7.sdk/System/Library/Frameworks/Carbon.framework/Versions/A/Frameworks/HIToolbox.framework/Versions/A/Headers/TypeSelect.h; sourceTree = SYSTEM_DEVELOPER_DIR; };
		64126B2D09F9751D006DF4E6 /* ASPreInclude.h */ = {isa = PBXFileReference; fileEncoding = 30; lastKnownFileType = sourcecode.c.h; path = ASPreInclude.h; sourceTree = "<group>"; };
		64126B2E09F9751D006DF4E6 /* PIAbout.h */ = {isa = PBXFileReference; fileEncoding = 30; lastKnownFileType = sourcecode.c.h; path = PIAbout.h; sourceTree = "<group>"; };
		64126B2F09F9751D006DF4E6 /* PIAcquire.h */ = {isa = PBXFileReference; fileEncoding = 30; lastKnownFileType = sourcecode.c.h; path = PIAcquire.h; sourceTree = "<group>"; };
		64126B3009F9751D006DF4E6 /* PIActions.h */ = {isa = PBXFileReference; fileEncoding = 30; lastKnownFileType = sourcecode.c.h; path = PIActions.h; sourceTree = "<group>"; };
		64126B3109F9751D006DF4E6 /* PIActionsPlugin.h */ = {isa = PBXFileReference; fileEncoding = 30; lastKnownFileType = sourcecode.c.h; path = PIActionsPlugin.h; sourceTree = "<group>"; };
		64126B3209F9751D006DF4E6 /* PIAliasSuite.h */ = {isa = PBXFileReference; fileEncoding = 30; lastKnownFileType = sourcecode.c.h; path = PIAliasSuite.h; sourceTree = "<group>"; };
		64126B3309F9751D006DF4E6 /* PIBufferSuite.h */ = {isa = PBXFileReference; fileEncoding = 30; lastKnownFileType = sourcecode.c.h; path = PIBufferSuite.h; sourceTree = "<group>"; };
		64126B3409F9751D006DF4E6 /* PIChannelPortOperations.h */ = {isa = PBXFileReference; fileEncoding = 30; lastKnownFileType = sourcecode.c.h; path = PIChannelPortOperations.h; sourceTree = "<group>"; };
		64126B3509F9751D006DF4E6 /* PIChannelPortsSuite.h */ = {isa = PBXFileReference; fileEncoding = 30; lastKnownFileType = sourcecode.c.h; path = PIChannelPortsSuite.h; sourceTree = "<group>"; };
		64126B3609F9751D006DF4E6 /* PIColorSpaceSuite.h */ = {isa = PBXFileReference; fileEncoding = 30; lastKnownFileType = sourcecode.c.h; path = PIColorSpaceSuite.h; sourceTree = "<group>"; };
		64126B3709F9751D006DF4E6 /* PIErrorSuite.h */ = {isa = PBXFileReference; fileEncoding = 30; lastKnownFileType = sourcecode.c.h; path = PIErrorSuite.h; sourceTree = "<group>"; };
		64126B3809F9751D006DF4E6 /* PIExport.h */ = {isa = PBXFileReference; fileEncoding = 30; lastKnownFileType = sourcecode.c.h; path = PIExport.h; sourceTree = "<group>"; };
		64126B3909F9751D006DF4E6 /* PIFilter.h */ = {isa = PBXFileReference; fileEncoding = 30; lastKnownFileType = sourcecode.c.h; path = PIFilter.h; sourceTree = "<group>"; };
		64126B3A09F9751D006DF4E6 /* PIFormat.h */ = {isa = PBXFileReference; fileEncoding = 30; lastKnownFileType = sourcecode.c.h; path = PIFormat.h; sourceTree = "<group>"; };
		64126B3B09F9751D006DF4E6 /* PIGeneral.h */ = {isa = PBXFileReference; fileEncoding = 30; lastKnownFileType = sourcecode.c.h; path = PIGeneral.h; sourceTree = "<group>"; };
		64126B3C09F9751D006DF4E6 /* PIGetFileListSuite.h */ = {isa = PBXFileReference; fileEncoding = 30; lastKnownFileType = sourcecode.c.h; path = PIGetFileListSuite.h; sourceTree = "<group>"; };
		64126B3D09F9751D006DF4E6 /* PIGetPathSuite.h */ = {isa = PBXFileReference; fileEncoding = 30; lastKnownFileType = sourcecode.c.h; path = PIGetPathSuite.h; sourceTree = "<group>"; };
		64126B3E09F9751D006DF4E6 /* PIHandleSuite.h */ = {isa = PBXFileReference; fileEncoding = 30; lastKnownFileType = sourcecode.c.h; path = PIHandleSuite.h; sourceTree = "<group>"; };
		64126B3F09F9751D006DF4E6 /* PIPicker.h */ = {isa = PBXFileReference; fileEncoding = 30; lastKnownFileType = sourcecode.c.h; path = PIPicker.h; sourceTree = "<group>"; };
		64126B4009F9751D006DF4E6 /* PIProgressSuite.h */ = {isa = PBXFileReference; fileEncoding = 30; lastKnownFileType = sourcecode.c.h; path = PIProgressSuite.h; sourceTree = "<group>"; };
		64126B4109F9751D006DF4E6 /* PIProperties.h */ = {isa = PBXFileReference; fileEncoding = 30; lastKnownFileType = sourcecode.c.h; path = PIProperties.h; sourceTree = "<group>"; };
		64126B4209F9751D006DF4E6 /* PIResDefines.h */ = {isa = PBXFileReference; fileEncoding = 30; lastKnownFileType = sourcecode.c.h; path = PIResDefines.h; sourceTree = "<group>"; };
		64126B4309F9751D006DF4E6 /* PISelection.h */ = {isa = PBXFileReference; fileEncoding = 30; lastKnownFileType = sourcecode.c.h; path = PISelection.h; sourceTree = "<group>"; };
		64126B4409F9751D006DF4E6 /* PIStringTerminology.h */ = {isa = PBXFileReference; fileEncoding = 30; lastKnownFileType = sourcecode.c.h; path = PIStringTerminology.h; sourceTree = "<group>"; };
		64126B4509F9751D006DF4E6 /* PITerminology.h */ = {isa = PBXFileReference; fileEncoding = 30; lastKnownFileType = sourcecode.c.h; path = PITerminology.h; sourceTree = "<group>"; };
		64126B4609F9751D006DF4E6 /* PITypes.h */ = {isa = PBXFileReference; fileEncoding = 30; lastKnownFileType = sourcecode.c.h; path = PITypes.h; sourceTree = "<group>"; };
		64126B4709F9751D006DF4E6 /* PIUIHooksSuite.h */ = {isa = PBXFileReference; fileEncoding = 30; lastKnownFileType = sourcecode.c.h; path = PIUIHooksSuite.h; sourceTree = "<group>"; };
		64126B4809F9751D006DF4E6 /* PSErrorDefines.h */ = {isa = PBXFileReference; fileEncoding = 30; lastKnownFileType = sourcecode.c.h; path = PSErrorDefines.h; sourceTree = "<group>"; };
		64126B4A09F9751D006DF4E6 /* SPAccess.h */ = {isa = PBXFileReference; fileEncoding = 30; lastKnownFileType = sourcecode.c.h; path = SPAccess.h; sourceTree = "<group>"; };
		64126B4B09F9751D006DF4E6 /* SPAdapts.h */ = {isa = PBXFileReference; fileEncoding = 30; lastKnownFileType = sourcecode.c.h; path = SPAdapts.h; sourceTree = "<group>"; };
		64126B4C09F9751D006DF4E6 /* SPBasic.h */ = {isa = PBXFileReference; fileEncoding = 30; lastKnownFileType = sourcecode.c.h; path = SPBasic.h; sourceTree = "<group>"; };
		64126B4D09F9751D006DF4E6 /* SPBckDbg.h */ = {isa = PBXFileReference; fileEncoding = 30; lastKnownFileType = sourcecode.c.h; path = SPBckDbg.h; sourceTree = "<group>"; };
		64126B4E09F9751D006DF4E6 /* SPBlocks.h */ = {isa = PBXFileReference; fileEncoding = 30; lastKnownFileType = sourcecode.c.h; path = SPBlocks.h; sourceTree = "<group>"; };
		64126B4F09F9751D006DF4E6 /* SPCaches.h */ = {isa = PBXFileReference; fileEncoding = 30; lastKnownFileType = sourcecode.c.h; path = SPCaches.h; sourceTree = "<group>"; };
		64126B5009F9751D006DF4E6 /* SPCOM.h */ = {isa = PBXFileReference; fileEncoding = 30; lastKnownFileType = sourcecode.c.h; path = SPCOM.h; sourceTree = "<group>"; };
		64126B5109F9751D006DF4E6 /* SPConfig.h */ = {isa = PBXFileReference; fileEncoding = 30; lastKnownFileType = sourcecode.c.h; path = SPConfig.h; sourceTree = "<group>"; };
		64126B5309F9751D006DF4E6 /* SPErrorCodes.h */ = {isa = PBXFileReference; fileEncoding = 30; lastKnownFileType = sourcecode.c.h; path = SPErrorCodes.h; sourceTree = "<group>"; };
		64126B5409F9751D006DF4E6 /* SPErrors.h */ = {isa = PBXFileReference; fileEncoding = 30; lastKnownFileType = sourcecode.c.h; path = SPErrors.h; sourceTree = "<group>"; };
		64126B5509F9751D006DF4E6 /* SPFiles.h */ = {isa = PBXFileReference; fileEncoding = 30; lastKnownFileType = sourcecode.c.h; path = SPFiles.h; sourceTree = "<group>"; };
		64126B5609F9751D006DF4E6 /* SPHost.h */ = {isa = PBXFileReference; fileEncoding = 30; lastKnownFileType = sourcecode.c.h; path = SPHost.h; sourceTree = "<group>"; };
		64126B5709F9751D006DF4E6 /* SPInterf.h */ = {isa = PBXFileReference; fileEncoding = 30; lastKnownFileType = sourcecode.c.h; path = SPInterf.h; sourceTree = "<group>"; };
		64126B5809F9751D006DF4E6 /* SPMData.h */ = {isa = PBXFileReference; fileEncoding = 30; lastKnownFileType = sourcecode.c.h; path = SPMData.h; sourceTree = "<group>"; };
		64126B5909F9751D006DF4E6 /* SPObject.h */ = {isa = PBXFileReference; fileEncoding = 30; lastKnownFileType = sourcecode.c.h; path = SPObject.h; sourceTree = "<group>"; };
		64126B5A09F9751D006DF4E6 /* SPPiPL.h */ = {isa = PBXFileReference; fileEncoding = 30; lastKnownFileType = sourcecode.c.h; path = SPPiPL.h; sourceTree = "<group>"; };
		64126B5B09F9751D006DF4E6 /* SPPlugs.h */ = {isa = PBXFileReference; fileEncoding = 30; lastKnownFileType = sourcecode.c.h; path = SPPlugs.h; sourceTree = "<group>"; };
		64126B5C09F9751D006DF4E6 /* SPProps.h */ = {isa = PBXFileReference; fileEncoding = 30; lastKnownFileType = sourcecode.c.h; path = SPProps.h; sourceTree = "<group>"; };
		64126B5D09F9751D006DF4E6 /* SPRuntme.h */ = {isa = PBXFileReference; fileEncoding = 30; lastKnownFileType = sourcecode.c.h; path = SPRuntme.h; sourceTree = "<group>"; };
		64126B5E09F9751D006DF4E6 /* SPStrngs.h */ = {isa = PBXFileReference; fileEncoding = 30; lastKnownFileType = sourcecode.c.h; path = SPStrngs.h; sourceTree = "<group>"; };
		64126B5F09F9751D006DF4E6 /* SPSTSPrp.h */ = {isa = PBXFileReference; fileEncoding = 30; lastKnownFileType = sourcecode.c.h; path = SPSTSPrp.h; sourceTree = "<group>"; };
		64126B6009F9751D006DF4E6 /* SPSuites.h */ = {isa = PBXFileReference; fileEncoding = 30; lastKnownFileType = sourcecode.c.h; path = SPSuites.h; sourceTree = "<group>"; };
		64126B6109F9751D006DF4E6 /* SPTypes.h */ = {isa = PBXFileReference; fileEncoding = 30; lastKnownFileType = sourcecode.c.h; path = SPTypes.h; sourceTree = "<group>"; };
		64126B6309F9751D006DF4E6 /* PIGeneral.r */ = {isa = PBXFileReference; fileEncoding = 30; lastKnownFileType = sourcecode.rez; path = PIGeneral.r; sourceTree = "<group>"; };
		64126B6409F9751D006DF4E6 /* PIMI.r */ = {isa = PBXFileReference; fileEncoding = 30; lastKnownFileType = sourcecode.rez; path = PIMI.r; sourceTree = "<group>"; };
		64126B6509F9751D006DF4E6 /* PIPL.r */ = {isa = PBXFileReference; fileEncoding = 30; lastKnownFileType = sourcecode.rez; path = PIPL.r; sourceTree = "<group>"; };
		64126B7409F97565006DF4E6 /* DialogUtilities.h */ = {isa = PBXFileReference; fileEncoding = 30; lastKnownFileType = sourcecode.c.h; path = DialogUtilities.h; sourceTree = "<group>"; };
		64126B7609F97565006DF4E6 /* FileUtilities.h */ = {isa = PBXFileReference; fileEncoding = 30; lastKnownFileType = sourcecode.c.h; path = FileUtilities.h; sourceTree = "<group>"; };
		64126B7B09F97565006DF4E6 /* MachOMacrezXcode.h */ = {isa = PBXFileReference; fileEncoding = 30; lastKnownFileType = sourcecode.c.h; path = MachOMacrezXcode.h; sourceTree = "<group>"; };
		64126B7F09F97565006DF4E6 /* PIDefines.h */ = {isa = PBXFileReference; fileEncoding = 30; lastKnownFileType = sourcecode.c.h; path = PIDefines.h; sourceTree = "<group>"; };
		64126B8109F97565006DF4E6 /* PIMachODebug.h */ = {isa = PBXFileReference; fileEncoding = 30; lastKnownFileType = sourcecode.c.h; path = PIMachODebug.h; sourceTree = "<group>"; };
		64126B8209F97565006DF4E6 /* PIMachORelease.h */ = {isa = PBXFileReference; fileEncoding = 30; lastKnownFileType = sourcecode.c.h; path = PIMachORelease.h; sourceTree = "<group>"; };
		64126B8509F97565006DF4E6 /* PIRezMachO.h */ = {isa = PBXFileReference; fileEncoding = 30; lastKnownFileType = sourcecode.c.h; path = PIRezMachO.h; sourceTree = "<group>"; };
		64126B8709F97565006DF4E6 /* PIUActions.h */ = {isa = PBXFileReference; fileEncoding = 30; lastKnownFileType = sourcecode.c.h; path = PIUActions.h; sourceTree = "<group>"; };
		64126B8909F97565006DF4E6 /* PIUFile.h */ = {isa = PBXFileReference; fileEncoding = 30; lastKnownFileType = sourcecode.c.h; path = PIUFile.h; sourceTree = "<group>"; };
		64126B8B09F97565006DF4E6 /* PIUI.h */ = {isa = PBXFileReference; fileEncoding = 30; lastKnownFileType = sourcecode.c.h; path = PIUI.h; sourceTree = "<group>"; };
		64126B8E09F97565006DF4E6 /* PIUSuites.h */ = {isa = PBXFileReference; fileEncoding = 30; lastKnownFileType = sourcecode.c.h; path = PIUSuites.h; sourceTree = "<group>"; };
		64126B8F09F97565006DF4E6 /* PIUtilities.h */ = {isa = PBXFileReference; fileEncoding = 30; lastKnownFileType = sourcecode.c.h; path = PIUtilities.h; sourceTree = "<group>"; };
		64126B9A09F97565006DF4E6 /* PIUtilities.r */ = {isa = PBXFileReference; fileEncoding = 30; lastKnownFileType = sourcecode.rez; path = PIUtilities.r; sourceTree = "<group>"; };
		64126C2509F979E1006DF4E6 /* PIMacUI.cpp */ = {isa = PBXFileReference; fileEncoding = 30; lastKnownFileType = sourcecode.cpp.cpp; path = PIMacUI.cpp; sourceTree = "<group>"; };
		64126C2A09F979EA006DF4E6 /* PIUSuites.cpp */ = {isa = PBXFileReference; fileEncoding = 30; lastKnownFileType = sourcecode.cpp.cpp; path = PIUSuites.cpp; sourceTree = "<group>"; };
		64126C2F09F979F7006DF4E6 /* DialogUtilitiesMac.cpp */ = {isa = PBXFileReference; fileEncoding = 30; lastKnownFileType = sourcecode.cpp.cpp; path = DialogUtilitiesMac.cpp; sourceTree = "<group>"; };
		64126C3409F97A19006DF4E6 /* PIUtilities.cpp */ = {isa = PBXFileReference; fileEncoding = 30; lastKnownFileType = sourcecode.cpp.cpp; path = PIUtilities.cpp; sourceTree = "<group>"; };
		646B5C9E10D3159B001A7C6E /* PSIntTypes.h */ = {isa = PBXFileReference; fileEncoding = 30; lastKnownFileType = sourcecode.c.h; path = PSIntTypes.h; sourceTree = "<group>"; };
		646B5CA910D31664001A7C6E /* Cocoa.framework */ = {isa = PBXFileReference; lastKnownFileType = wrapper.framework; name = Cocoa.framework; path = /System/Library/Frameworks/Cocoa.framework; sourceTree = "<absolute>"; };
		646B5D5E10D31674001A7C6E /* AppKit.framework */ = {isa = PBXFileReference; lastKnownFileType = wrapper.framework; name = AppKit.framework; path = /System/Library/Frameworks/AppKit.framework; sourceTree = "<absolute>"; };
		647B65A1111396450067F135 /* FileUtilities.cpp */ = {isa = PBXFileReference; fileEncoding = 30; lastKnownFileType = sourcecode.cpp.cpp; path = FileUtilities.cpp; sourceTree = "<group>"; };
		64C38C0510D6A968006A6A12 /* FileUtilitiesMac.cpp */ = {isa = PBXFileReference; fileEncoding = 30; lastKnownFileType = sourcecode.cpp.cpp; path = FileUtilitiesMac.cpp; sourceTree = "<group>"; };
		64CC2EB3111CDDB200423B46 /* JSScriptingSuite.h */ = {isa = PBXFileReference; fileEncoding = 30; lastKnownFileType = sourcecode.c.h; path = JSScriptingSuite.h; sourceTree = "<group>"; };
		64CF8EE60AA3A73400120C5A /* ASZStringSuite.h */ = {isa = PBXFileReference; fileEncoding = 30; lastKnownFileType = sourcecode.c.h; path = ASZStringSuite.h; sourceTree = "<group>"; };
		64CF8EE70AA3A73400120C5A /* ASTypes.h */ = {isa = PBXFileReference; fileEncoding = 30; lastKnownFileType = sourcecode.c.h; path = ASTypes.h; sourceTree = "<group>"; };
		64CF8EE80AA3A73400120C5A /* ASPragma.h */ = {isa = PBXFileReference; fileEncoding = 30; lastKnownFileType = sourcecode.c.h; path = ASPragma.h; sourceTree = "<group>"; };
		64CF8EE90AA3A73400120C5A /* ASConfig.h */ = {isa = PBXFileReference; fileEncoding = 30; lastKnownFileType = sourcecode.c.h; path = ASConfig.h; sourceTree = "<group>"; };
		8D01CCD20486CAD60068D4B7 /* SuperPNG.plugin */ = {isa = PBXFileReference; explicitFileType = wrapper.cfbundle; includeInIndex = 0; path = SuperPNG.plugin; sourceTree = BUILT_PRODUCTS_DIR; };
/* End PBXFileReference section */

/* Begin PBXFrameworksBuildPhase section */
		8D01CCCD0486CAD60068D4B7 /* Frameworks */ = {
			isa = PBXFrameworksBuildPhase;
			buildActionMask = 2147483647;
			files = (
				8D01CCCE0486CAD60068D4B7 /* Carbon.framework in Frameworks */,
				646B5CAA10D31664001A7C6E /* Cocoa.framework in Frameworks */,
				646B5D5F10D31674001A7C6E /* AppKit.framework in Frameworks */,
				2A82C6E81954E90800EEC94C /* liblibpng.a in Frameworks */,
				2A82C8821954E9C000EEC94C /* liblcms.a in Frameworks */,
				2A82CA371954EA7E00EEC94C /* libzlib.a in Frameworks */,
				2A82D2DF1957519400EEC94C /* libpngquant.a in Frameworks */,
			);
			runOnlyForDeploymentPostprocessing = 0;
		};
/* End PBXFrameworksBuildPhase section */

/* Begin PBXGroup section */
		089C166AFE841209C02AAC07 /* SimpleFormat */ = {
			isa = PBXGroup;
			children = (
				2A82C3861954D13900EEC94C /* photoshop */,
				2A82C6E21954E8F900EEC94C /* libpng.xcodeproj */,
				2A82CA2E1954EA7A00EEC94C /* zlib.xcodeproj */,
				2A82D2D91957518B00EEC94C /* pngquant.xcodeproj */,
				2A82C8791954E9B900EEC94C /* lcms.xcodeproj */,
				64126B7009F97565006DF4E6 /* common */,
				64126AD309F9751C006DF4E6 /* photoshopapi */,
				2A84FBFC1958B8C6003B591F /* Mac OS Common */,
				089C1671FE841209C02AAC07 /* External Frameworks and Libraries */,
				19C28FB4FE9D528D11CA2CBB /* Products */,
			);
			name = SimpleFormat;
			sourceTree = "<group>";
		};
		089C1671FE841209C02AAC07 /* External Frameworks and Libraries */ = {
			isa = PBXGroup;
			children = (
				646B5D5E10D31674001A7C6E /* AppKit.framework */,
				08EA7FFBFE8413EDC02AAC07 /* Carbon.framework */,
				646B5CA910D31664001A7C6E /* Cocoa.framework */,
			);
			name = "External Frameworks and Libraries";
			sourceTree = "<group>";
		};
		19C28FB4FE9D528D11CA2CBB /* Products */ = {
			isa = PBXGroup;
			children = (
				8D01CCD20486CAD60068D4B7 /* SuperPNG.plugin */,
			);
			name = Products;
			sourceTree = "<group>";
		};
		2A82C3861954D13900EEC94C /* photoshop */ = {
			isa = PBXGroup;
			children = (
				2A82C3931954D13900EEC94C /* SuperPNG.h */,
				2A82C3921954D13900EEC94C /* SuperPNG.cpp */,
				2A82C3961954D13900EEC94C /* SuperPNG_Input.cpp */,
				2A82C3991954D13900EEC94C /* SuperPNG_Output.cpp */,
				2A82C39C1954D13900EEC94C /* SuperPNG_Scripting.cpp */,
				2A82C39D1954D13900EEC94C /* SuperPNG_Terminology.h */,
				2A82C39E1954D13900EEC94C /* SuperPNG_UI.h */,
				2A82C3A01954D13900EEC94C /* SuperPNG_Version.h */,
				2A82C3941954D13900EEC94C /* SuperPNG.r */,
				2A82C3871954D13900EEC94C /* mac */,
			);
			name = photoshop;
			path = ../../src/photoshop;
			sourceTree = SOURCE_ROOT;
		};
		2A82C3871954D13900EEC94C /* mac */ = {
			isa = PBXGroup;
			children = (
				2A82C3951954D13900EEC94C /* SuperPNG_banner.h */,
				2A82C3971954D13900EEC94C /* SuperPNG_InUI_ADM.cpp */,
				2A82C39A1954D13900EEC94C /* SuperPNG_OutUI_ADM.cpp */,
				2A82C3881954D13900EEC94C /* SuperPNG_About.xib */,
				2A82C3891954D13900EEC94C /* SuperPNG_About_Controller.h */,
				2A82C38A1954D13900EEC94C /* SuperPNG_About_Controller.m */,
				2A82C38B1954D13900EEC94C /* SuperPNG_banner.png */,
				2A82C38C1954D13900EEC94C /* SuperPNG_InUI.xib */,
				2A82C38D1954D13900EEC94C /* SuperPNG_InUI_Controller.h */,
				2A82C38E1954D13900EEC94C /* SuperPNG_InUI_Controller.m */,
				2A82C38F1954D13900EEC94C /* SuperPNG_OutUI.xib */,
				2A82C3901954D13900EEC94C /* SuperPNG_OutUI_Controller.h */,
				2A82C3911954D13900EEC94C /* SuperPNG_OutUI_Controller.m */,
				2A82C39F1954D13900EEC94C /* SuperPNG_UI_Cocoa.mm */,
			);
			path = mac;
			sourceTree = "<group>";
		};
		2A82C6E31954E8F900EEC94C /* Products */ = {
			isa = PBXGroup;
			children = (
				2A82C6E71954E8F900EEC94C /* liblibpng.a */,
			);
			name = Products;
			sourceTree = "<group>";
		};
		2A82C87A1954E9B900EEC94C /* Products */ = {
			isa = PBXGroup;
			children = (
				2A82C8811954E9B900EEC94C /* liblcms.a */,
			);
			name = Products;
			sourceTree = "<group>";
		};
		2A82CA2F1954EA7A00EEC94C /* Products */ = {
			isa = PBXGroup;
			children = (
				2A82CA361954EA7A00EEC94C /* libzlib.a */,
			);
			name = Products;
			sourceTree = "<group>";
		};
		2A82D2DA1957518B00EEC94C /* Products */ = {
			isa = PBXGroup;
			children = (
				2A82D2DE1957518B00EEC94C /* libpngquant.a */,
			);
			name = Products;
			sourceTree = "<group>";
		};
		2A84FBFC1958B8C6003B591F /* Mac OS Common */ = {
			isa = PBXGroup;
			children = (
				2A84FBFD1958B916003B591F /* AEInteraction.h */,
				2A84FBFE1958B916003B591F /* Appearance.h */,
				2A84FBFF1958B916003B591F /* Appearance.r */,
				2A84FC001958B916003B591F /* CarbonEvents.h */,
				2A84FC011958B916003B591F /* CarbonEvents.r */,
				2A84FC021958B916003B591F /* CarbonEventsCore.h */,
				2A84FC031958B916003B591F /* ControlDefinitions.h */,
				2A84FC041958B916003B591F /* ControlDefinitions.r */,
				2A84FC051958B916003B591F /* Controls.h */,
				2A84FC061958B916003B591F /* Controls.r */,
				2A84FC071958B916003B591F /* Dialogs.h */,
				2A84FC081958B916003B591F /* Dialogs.r */,
				2A84FC091958B916003B591F /* Drag.h */,
				2A84FC0A1958B916003B591F /* Events.h */,
				2A84FC0B1958B916003B591F /* HIAccessibility.h */,
				2A84FC0C1958B916003B591F /* HIArchive.h */,
				2A84FC0D1958B916003B591F /* HIButtonViews.h */,
				2A84FC0E1958B916003B591F /* HIButtonViews.r */,
				2A84FC0F1958B916003B591F /* HIClockView.h */,
				2A84FC101958B916003B591F /* HIClockView.r */,
				2A84FC111958B916003B591F /* HICocoaView.h */,
				2A84FC121958B916003B591F /* HIComboBox.h */,
				2A84FC131958B916003B591F /* HIComboBox.r */,
				2A84FC141958B916003B591F /* HIContainerViews.h */,
				2A84FC151958B916003B591F /* HIContainerViews.r */,
				2A84FC161958B916003B591F /* HIDataBrowser.h */,
				2A84FC171958B916003B591F /* HIDataBrowser.r */,
				2A84FC181958B916003B591F /* HIDisclosureViews.h */,
				2A84FC191958B916003B591F /* HIDisclosureViews.r */,
				2A84FC1A1958B916003B591F /* HIGeometry.h */,
				2A84FC1B1958B916003B591F /* HIImageViews.h */,
				2A84FC1C1958B916003B591F /* HIImageViews.r */,
				2A84FC1D1958B916003B591F /* HILittleArrows.h */,
				2A84FC1E1958B916003B591F /* HILittleArrows.r */,
				2A84FC1F1958B916003B591F /* HIMenuView.h */,
				2A84FC201958B916003B591F /* HIObject.h */,
				2A84FC211958B916003B591F /* HIPopupButton.h */,
				2A84FC221958B916003B591F /* HIPopupButton.r */,
				2A84FC231958B916003B591F /* HIProgressViews.h */,
				2A84FC241958B916003B591F /* HIProgressViews.r */,
				2A84FC251958B916003B591F /* HIRelevanceBar.h */,
				2A84FC261958B916003B591F /* HIScrollView.h */,
				2A84FC271958B916003B591F /* HIScrollView.r */,
				2A84FC281958B916003B591F /* HISearchField.h */,
				2A84FC291958B916003B591F /* HISegmentedView.h */,
				2A84FC2A1958B916003B591F /* HISegmentedView.r */,
				2A84FC2B1958B916003B591F /* HISeparator.h */,
				2A84FC2C1958B916003B591F /* HISeparator.r */,
				2A84FC2D1958B916003B591F /* HISlider.h */,
				2A84FC2E1958B916003B591F /* HISlider.r */,
				2A84FC2F1958B916003B591F /* HITabbedView.h */,
				2A84FC301958B916003B591F /* HITabbedView.r */,
				2A84FC311958B916003B591F /* HITextLengthFilter.h */,
				2A84FC321958B916003B591F /* HITextUtils.h */,
				2A84FC331958B916003B591F /* HITextViews.h */,
				2A84FC341958B916003B591F /* HITextViews.r */,
				2A84FC351958B916003B591F /* HITheme.h */,
				2A84FC361958B916003B591F /* HIToolbar.h */,
				2A84FC371958B916003B591F /* HIToolbox.h */,
				2A84FC381958B916003B591F /* HIToolbox.r */,
				2A84FC391958B916003B591F /* HIToolboxDebugging.h */,
				2A84FC3A1958B916003B591F /* HIView.h */,
				2A84FC3B1958B916003B591F /* HIWindowViews.h */,
				2A84FC3C1958B916003B591F /* IBCarbonRuntime.h */,
				2A84FC3D1958B916003B591F /* IMKInputSession.h */,
				2A84FC3E1958B916003B591F /* Keyboards.h */,
				2A84FC3F1958B916003B591F /* Lists.h */,
				2A84FC401958B916003B591F /* MacApplication.h */,
				2A84FC411958B916003B591F /* MacHelp.h */,
				2A84FC421958B916003B591F /* MacHelp.r */,
				2A84FC431958B916003B591F /* MacTextEditor.h */,
				2A84FC441958B916003B591F /* MacWindows.h */,
				2A84FC451958B916003B591F /* MacWindows.r */,
				2A84FC461958B916003B591F /* Menus.h */,
				2A84FC471958B916003B591F /* Menus.r */,
				2A84FC481958B916003B591F /* Notification.h */,
				2A84FC491958B916003B591F /* Scrap.h */,
				2A84FC4A1958B916003B591F /* TextEdit.h */,
				2A84FC4B1958B916003B591F /* TextInputSources.h */,
				2A84FC4C1958B916003B591F /* TextServices.h */,
				2A84FC4D1958B916003B591F /* Translation.h */,
				2A84FC4E1958B916003B591F /* TranslationExtensions.h */,
				2A84FC4F1958B916003B591F /* TranslationExtensions.r */,
				2A84FC501958B916003B591F /* TSMTE.h */,
				2A84FC511958B916003B591F /* TypeSelect.h */,
			);
			name = "Mac \U0010OS Common";
			path = ../../../../../../../../../Users/mrb/Development/GitHub/SuperPNG/xcode/xcode4;
			sourceTree = SDKROOT;
		};
		64126AD309F9751C006DF4E6 /* photoshopapi */ = {
			isa = PBXGroup;
			children = (
				64126B2C09F9751D006DF4E6 /* photoshop */,
				64126B4909F9751D006DF4E6 /* pica_sp */,
				64126B6209F9751D006DF4E6 /* resources */,
			);
			name = photoshopapi;
			path = ../../ext/photoshopsdk/pluginsdk/photoshopapi;
			sourceTree = SOURCE_ROOT;
		};
		64126B2C09F9751D006DF4E6 /* photoshop */ = {
			isa = PBXGroup;
			children = (
				64CC2EB3111CDDB200423B46 /* JSScriptingSuite.h */,
				646B5C9E10D3159B001A7C6E /* PSIntTypes.h */,
				64CF8EE60AA3A73400120C5A /* ASZStringSuite.h */,
				64CF8EE70AA3A73400120C5A /* ASTypes.h */,
				64CF8EE80AA3A73400120C5A /* ASPragma.h */,
				64CF8EE90AA3A73400120C5A /* ASConfig.h */,
				64126B2D09F9751D006DF4E6 /* ASPreInclude.h */,
				64126B2E09F9751D006DF4E6 /* PIAbout.h */,
				64126B2F09F9751D006DF4E6 /* PIAcquire.h */,
				64126B3009F9751D006DF4E6 /* PIActions.h */,
				64126B3109F9751D006DF4E6 /* PIActionsPlugin.h */,
				64126B3209F9751D006DF4E6 /* PIAliasSuite.h */,
				64126B3309F9751D006DF4E6 /* PIBufferSuite.h */,
				64126B3409F9751D006DF4E6 /* PIChannelPortOperations.h */,
				64126B3509F9751D006DF4E6 /* PIChannelPortsSuite.h */,
				64126B3609F9751D006DF4E6 /* PIColorSpaceSuite.h */,
				64126B3709F9751D006DF4E6 /* PIErrorSuite.h */,
				64126B3809F9751D006DF4E6 /* PIExport.h */,
				64126B3909F9751D006DF4E6 /* PIFilter.h */,
				64126B3A09F9751D006DF4E6 /* PIFormat.h */,
				64126B3B09F9751D006DF4E6 /* PIGeneral.h */,
				64126B3C09F9751D006DF4E6 /* PIGetFileListSuite.h */,
				64126B3D09F9751D006DF4E6 /* PIGetPathSuite.h */,
				64126B3E09F9751D006DF4E6 /* PIHandleSuite.h */,
				64126B3F09F9751D006DF4E6 /* PIPicker.h */,
				64126B4009F9751D006DF4E6 /* PIProgressSuite.h */,
				64126B4109F9751D006DF4E6 /* PIProperties.h */,
				64126B4209F9751D006DF4E6 /* PIResDefines.h */,
				64126B4309F9751D006DF4E6 /* PISelection.h */,
				64126B4409F9751D006DF4E6 /* PIStringTerminology.h */,
				64126B4509F9751D006DF4E6 /* PITerminology.h */,
				64126B4609F9751D006DF4E6 /* PITypes.h */,
				64126B4709F9751D006DF4E6 /* PIUIHooksSuite.h */,
				64126B4809F9751D006DF4E6 /* PSErrorDefines.h */,
			);
			path = photoshop;
			sourceTree = "<group>";
		};
		64126B4909F9751D006DF4E6 /* pica_sp */ = {
			isa = PBXGroup;
			children = (
				64126B4A09F9751D006DF4E6 /* SPAccess.h */,
				64126B4B09F9751D006DF4E6 /* SPAdapts.h */,
				64126B4C09F9751D006DF4E6 /* SPBasic.h */,
				64126B4D09F9751D006DF4E6 /* SPBckDbg.h */,
				64126B4E09F9751D006DF4E6 /* SPBlocks.h */,
				64126B4F09F9751D006DF4E6 /* SPCaches.h */,
				64126B5009F9751D006DF4E6 /* SPCOM.h */,
				64126B5109F9751D006DF4E6 /* SPConfig.h */,
				64126B5309F9751D006DF4E6 /* SPErrorCodes.h */,
				64126B5409F9751D006DF4E6 /* SPErrors.h */,
				64126B5509F9751D006DF4E6 /* SPFiles.h */,
				64126B5609F9751D006DF4E6 /* SPHost.h */,
				64126B5709F9751D006DF4E6 /* SPInterf.h */,
				64126B5809F9751D006DF4E6 /* SPMData.h */,
				64126B5909F9751D006DF4E6 /* SPObject.h */,
				64126B5A09F9751D006DF4E6 /* SPPiPL.h */,
				64126B5B09F9751D006DF4E6 /* SPPlugs.h */,
				64126B5C09F9751D006DF4E6 /* SPProps.h */,
				64126B5D09F9751D006DF4E6 /* SPRuntme.h */,
				64126B5E09F9751D006DF4E6 /* SPStrngs.h */,
				64126B5F09F9751D006DF4E6 /* SPSTSPrp.h */,
				64126B6009F9751D006DF4E6 /* SPSuites.h */,
				64126B6109F9751D006DF4E6 /* SPTypes.h */,
			);
			path = pica_sp;
			sourceTree = "<group>";
		};
		64126B6209F9751D006DF4E6 /* resources */ = {
			isa = PBXGroup;
			children = (
				64126B6309F9751D006DF4E6 /* PIGeneral.r */,
				64126B6409F9751D006DF4E6 /* PIMI.r */,
				64126B6509F9751D006DF4E6 /* PIPL.r */,
			);
			path = resources;
			sourceTree = "<group>";
		};
		64126B7009F97565006DF4E6 /* common */ = {
			isa = PBXGroup;
			children = (
				64126B7109F97565006DF4E6 /* includes */,
				64126B9609F97565006DF4E6 /* resources */,
				64126B9D09F97565006DF4E6 /* sources */,
			);
			name = common;
			path = ../../ext/photoshopsdk/pluginsdk/samplecode/common;
			sourceTree = SOURCE_ROOT;
		};
		64126B7109F97565006DF4E6 /* includes */ = {
			isa = PBXGroup;
			children = (
				64126B7409F97565006DF4E6 /* DialogUtilities.h */,
				64126B7609F97565006DF4E6 /* FileUtilities.h */,
				64126B7B09F97565006DF4E6 /* MachOMacrezXcode.h */,
				64126B7F09F97565006DF4E6 /* PIDefines.h */,
				64126B8109F97565006DF4E6 /* PIMachODebug.h */,
				64126B8209F97565006DF4E6 /* PIMachORelease.h */,
				64126B8509F97565006DF4E6 /* PIRezMachO.h */,
				64126B8709F97565006DF4E6 /* PIUActions.h */,
				64126B8909F97565006DF4E6 /* PIUFile.h */,
				64126B8B09F97565006DF4E6 /* PIUI.h */,
				64126B8E09F97565006DF4E6 /* PIUSuites.h */,
				64126B8F09F97565006DF4E6 /* PIUtilities.h */,
			);
			path = includes;
			sourceTree = "<group>";
		};
		64126B9609F97565006DF4E6 /* resources */ = {
			isa = PBXGroup;
			children = (
				64126B9A09F97565006DF4E6 /* PIUtilities.r */,
			);
			path = resources;
			sourceTree = "<group>";
		};
		64126B9D09F97565006DF4E6 /* sources */ = {
			isa = PBXGroup;
			children = (
				647B65A1111396450067F135 /* FileUtilities.cpp */,
				64C38C0510D6A968006A6A12 /* FileUtilitiesMac.cpp */,
				64126C2509F979E1006DF4E6 /* PIMacUI.cpp */,
				64126C2A09F979EA006DF4E6 /* PIUSuites.cpp */,
				64126C2F09F979F7006DF4E6 /* DialogUtilitiesMac.cpp */,
				64126C3409F97A19006DF4E6 /* PIUtilities.cpp */,
			);
			path = sources;
			sourceTree = "<group>";
		};
/* End PBXGroup section */

/* Begin PBXNativeTarget section */
		8D01CCC60486CAD60068D4B7 /* SuperPNG */ = {
			isa = PBXNativeTarget;
			buildConfigurationList = 4FADC23308B4156C00ABE55E /* Build configuration list for PBXNativeTarget "SuperPNG" */;
			buildPhases = (
				8D01CCC90486CAD60068D4B7 /* Resources */,
				8D01CCCB0486CAD60068D4B7 /* Sources */,
				8D01CCCD0486CAD60068D4B7 /* Frameworks */,
				64126BFC09F97704006DF4E6 /* Rez */,
			);
			buildRules = (
			);
			dependencies = (
				2A82C6EA1954E91200EEC94C /* PBXTargetDependency */,
				2A82C8841954E9C900EEC94C /* PBXTargetDependency */,
				2A82CA391954EA8800EEC94C /* PBXTargetDependency */,
				2A82D2E1195751A000EEC94C /* PBXTargetDependency */,
			);
			name = SuperPNG;
			productInstallPath = "$(HOME)/Library/Bundles";
			productName = SimpleFormat;
			productReference = 8D01CCD20486CAD60068D4B7 /* SuperPNG.plugin */;
			productType = "com.apple.product-type.bundle";
		};
/* End PBXNativeTarget section */

/* Begin PBXProject section */
		089C1669FE841209C02AAC07 /* Project object */ = {
			isa = PBXProject;
			attributes = {
			};
			buildConfigurationList = 4FADC23708B4156C00ABE55E /* Build configuration list for PBXProject "SuperPNG" */;
			compatibilityVersion = "Xcode 2.4";
			developmentRegion = English;
			hasScannedForEncodings = 1;
			knownRegions = (
				English,
				Japanese,
				French,
				German,
			);
			mainGroup = 089C166AFE841209C02AAC07 /* SimpleFormat */;
			projectDirPath = "";
			projectReferences = (
				{
					ProductGroup = 2A82C87A1954E9B900EEC94C /* Products */;
					ProjectRef = 2A82C8791954E9B900EEC94C /* lcms.xcodeproj */;
				},
				{
					ProductGroup = 2A82C6E31954E8F900EEC94C /* Products */;
					ProjectRef = 2A82C6E21954E8F900EEC94C /* libpng.xcodeproj */;
				},
				{
					ProductGroup = 2A82D2DA1957518B00EEC94C /* Products */;
					ProjectRef = 2A82D2D91957518B00EEC94C /* pngquant.xcodeproj */;
				},
				{
					ProductGroup = 2A82CA2F1954EA7A00EEC94C /* Products */;
					ProjectRef = 2A82CA2E1954EA7A00EEC94C /* zlib.xcodeproj */;
				},
			);
			projectRoot = "";
			targets = (
				8D01CCC60486CAD60068D4B7 /* SuperPNG */,
			);
		};
/* End PBXProject section */

/* Begin PBXReferenceProxy section */
		2A82C6E71954E8F900EEC94C /* liblibpng.a */ = {
			isa = PBXReferenceProxy;
			fileType = archive.ar;
			path = liblibpng.a;
			remoteRef = 2A82C6E61954E8F900EEC94C /* PBXContainerItemProxy */;
			sourceTree = BUILT_PRODUCTS_DIR;
		};
		2A82C8811954E9B900EEC94C /* liblcms.a */ = {
			isa = PBXReferenceProxy;
			fileType = archive.ar;
			path = liblcms.a;
			remoteRef = 2A82C8801954E9B900EEC94C /* PBXContainerItemProxy */;
			sourceTree = BUILT_PRODUCTS_DIR;
		};
		2A82CA361954EA7A00EEC94C /* libzlib.a */ = {
			isa = PBXReferenceProxy;
			fileType = archive.ar;
			path = libzlib.a;
			remoteRef = 2A82CA351954EA7A00EEC94C /* PBXContainerItemProxy */;
			sourceTree = BUILT_PRODUCTS_DIR;
		};
		2A82D2DE1957518B00EEC94C /* libpngquant.a */ = {
			isa = PBXReferenceProxy;
			fileType = archive.ar;
			path = libpngquant.a;
			remoteRef = 2A82D2DD1957518B00EEC94C /* PBXContainerItemProxy */;
			sourceTree = BUILT_PRODUCTS_DIR;
		};
/* End PBXReferenceProxy section */

/* Begin PBXResourcesBuildPhase section */
		8D01CCC90486CAD60068D4B7 /* Resources */ = {
			isa = PBXResourcesBuildPhase;
			buildActionMask = 2147483647;
			files = (
				2A82C3A51954D13900EEC94C /* SuperPNG_About.xib in Resources */,
				2A82C3A71954D13900EEC94C /* SuperPNG_banner.png in Resources */,
				2A82C3A81954D13900EEC94C /* SuperPNG_InUI.xib in Resources */,
				2A82C3AA1954D13900EEC94C /* SuperPNG_OutUI.xib in Resources */,
			);
			runOnlyForDeploymentPostprocessing = 0;
		};
/* End PBXResourcesBuildPhase section */

/* Begin PBXRezBuildPhase section */
		64126BFC09F97704006DF4E6 /* Rez */ = {
			isa = PBXRezBuildPhase;
			buildActionMask = 2147483647;
			files = (
				2A82C3AD1954D13900EEC94C /* SuperPNG.r in Rez */,
				2A84FC521958B916003B591F /* Appearance.r in Rez */,
				2A84FC531958B916003B591F /* CarbonEvents.r in Rez */,
				2A84FC541958B916003B591F /* ControlDefinitions.r in Rez */,
				2A84FC551958B916003B591F /* Controls.r in Rez */,
				2A84FC561958B916003B591F /* Dialogs.r in Rez */,
				2A84FC571958B916003B591F /* HIButtonViews.r in Rez */,
				2A84FC581958B916003B591F /* HIClockView.r in Rez */,
				2A84FC591958B916003B591F /* HIComboBox.r in Rez */,
				2A84FC5A1958B916003B591F /* HIContainerViews.r in Rez */,
				2A84FC5B1958B916003B591F /* HIDataBrowser.r in Rez */,
				2A84FC5C1958B916003B591F /* HIDisclosureViews.r in Rez */,
				2A84FC5D1958B916003B591F /* HIImageViews.r in Rez */,
				2A84FC5E1958B916003B591F /* HILittleArrows.r in Rez */,
				2A84FC5F1958B916003B591F /* HIPopupButton.r in Rez */,
				2A84FC601958B916003B591F /* HIProgressViews.r in Rez */,
				2A84FC611958B916003B591F /* HIScrollView.r in Rez */,
				2A84FC621958B916003B591F /* HISegmentedView.r in Rez */,
				2A84FC631958B916003B591F /* HISeparator.r in Rez */,
				2A84FC641958B916003B591F /* HISlider.r in Rez */,
				2A84FC651958B916003B591F /* HITabbedView.r in Rez */,
				2A84FC661958B916003B591F /* HITextViews.r in Rez */,
				2A84FC671958B916003B591F /* HIToolbox.r in Rez */,
				2A84FC681958B916003B591F /* MacHelp.r in Rez */,
				2A84FC691958B916003B591F /* MacWindows.r in Rez */,
				2A84FC6A1958B916003B591F /* Menus.r in Rez */,
				2A84FC6B1958B916003B591F /* TranslationExtensions.r in Rez */,
			);
			runOnlyForDeploymentPostprocessing = 0;
		};
/* End PBXRezBuildPhase section */

/* Begin PBXSourcesBuildPhase section */
		8D01CCCB0486CAD60068D4B7 /* Sources */ = {
			isa = PBXSourcesBuildPhase;
			buildActionMask = 2147483647;
			files = (
				64126C2B09F979EA006DF4E6 /* PIUSuites.cpp in Sources */,
				64126C3509F97A19006DF4E6 /* PIUtilities.cpp in Sources */,
				6493F375110E7F3700B0E165 /* FileUtilitiesMac.cpp in Sources */,
				647B633E11138E5B0067F135 /* DialogUtilitiesMac.cpp in Sources */,
				647B65A2111396450067F135 /* FileUtilities.cpp in Sources */,
				2A82C3A61954D13900EEC94C /* SuperPNG_About_Controller.m in Sources */,
				2A82C3A91954D13900EEC94C /* SuperPNG_InUI_Controller.m in Sources */,
				2A82C3AB1954D13900EEC94C /* SuperPNG_OutUI_Controller.m in Sources */,
				2A82C3AC1954D13900EEC94C /* SuperPNG.cpp in Sources */,
				2A82C3AE1954D13900EEC94C /* SuperPNG_Input.cpp in Sources */,
				2A82C3AF1954D13900EEC94C /* SuperPNG_InUI_ADM.cpp in Sources */,
				2A82C3B11954D13900EEC94C /* SuperPNG_Output.cpp in Sources */,
				2A82C3B21954D13900EEC94C /* SuperPNG_OutUI_ADM.cpp in Sources */,
				2A82C3B41954D13900EEC94C /* SuperPNG_Scripting.cpp in Sources */,
				2A82C3B51954D13900EEC94C /* SuperPNG_UI_Cocoa.mm in Sources */,
			);
			runOnlyForDeploymentPostprocessing = 0;
		};
/* End PBXSourcesBuildPhase section */

/* Begin PBXTargetDependency section */
		2A82C6EA1954E91200EEC94C /* PBXTargetDependency */ = {
			isa = PBXTargetDependency;
			name = libpng;
			targetProxy = 2A82C6E91954E91200EEC94C /* PBXContainerItemProxy */;
		};
		2A82C8841954E9C900EEC94C /* PBXTargetDependency */ = {
			isa = PBXTargetDependency;
			name = lcms;
			targetProxy = 2A82C8831954E9C900EEC94C /* PBXContainerItemProxy */;
		};
		2A82CA391954EA8800EEC94C /* PBXTargetDependency */ = {
			isa = PBXTargetDependency;
			name = zlib;
			targetProxy = 2A82CA381954EA8800EEC94C /* PBXContainerItemProxy */;
		};
		2A82D2E1195751A000EEC94C /* PBXTargetDependency */ = {
			isa = PBXTargetDependency;
			name = pngquant;
			targetProxy = 2A82D2E0195751A000EEC94C /* PBXContainerItemProxy */;
		};
/* End PBXTargetDependency section */

/* Begin XCBuildConfiguration section */
		2A01738D112F17A8005CDE51 /* Release */ = {
			isa = XCBuildConfiguration;
			buildSettings = {
				ARCHS = (
					x86_64,
					i386,
					ppc,
				);
				COPY_PHASE_STRIP = YES;
				ENABLE_OPENMP_SUPPORT = YES;
				GCC_ALTIVEC_EXTENSIONS = YES;
				GCC_ENABLE_FIX_AND_CONTINUE = NO;
				GCC_GENERATE_DEBUGGING_SYMBOLS = NO;
				GCC_MODEL_TUNING = G5;
				GCC_OPTIMIZATION_LEVEL = 3;
				GCC_PRECOMPILE_PREFIX_HEADER = YES;
				GCC_PREPROCESSOR_DEFINITIONS = (
					__PI__,
					NDEBUG,
				);
				GCC_WARN_ABOUT_RETURN_TYPE = YES;
				GCC_WARN_UNUSED_VARIABLE = YES;
				GENERATE_PKGINFO_FILE = YES;
				HEADER_SEARCH_PATHS = (
					"$(inherited)",
					ext,
					../../ext/libpng,
					../../ext/pngquant/lib,
					../../ext/lcms/include,
					../../ext/lcms/src,
				);
				ONLY_ACTIVE_ARCH = NO;
				PLUGIN_TYPE = 8BIF;
				PREBINDING = NO;
				REZ_PREFIX_FILE = "$(SRCROOT)/../../ext/adobe_photoshop_cs5_sdk_mac/pluginsdk/samplecode/common/includes/MachOMacrezXcode.h";
				SDKROOT = /Developer/SDKs/MacOSX10.5.sdk;
				WRAPPER_EXTENSION = plugin;
				ZERO_LINK = NO;
			};
			name = Release;
		};
		2A01738E112F17A8005CDE51 /* Release */ = {
			isa = XCBuildConfiguration;
			buildSettings = {
				ARCHS = "$(ARCHS_STANDARD_64_BIT)";
				INFOPLIST_FILE = SuperPNG_Info.plist;
				PRODUCT_NAME = SuperPNG;
				REZ_PREFIX_FILE = "$(SRCROOT)/../../ext/photoshopsdk/pluginsdk/samplecode/common/includes/MachOMacrezXcode.h";
				SDKROOT = macosx10.7;
				WRAPPER_EXTENSION = plugin;
			};
			name = Release;
		};
		4FADC23408B4156C00ABE55E /* Debug */ = {
			isa = XCBuildConfiguration;
			buildSettings = {
				ARCHS = "$(ARCHS_STANDARD_64_BIT)";
				INFOPLIST_FILE = SuperPNG_Info.plist;
				PRODUCT_NAME = SuperPNG;
				REZ_PREFIX_FILE = "$(SRCROOT)/../../ext/photoshopsdk/pluginsdk/samplecode/common/includes/MachOMacrezXcode.h";
				SDKROOT = macosx10.7;
				WRAPPER_EXTENSION = plugin;
			};
			name = Debug;
		};
		4FADC23808B4156C00ABE55E /* Debug */ = {
			isa = XCBuildConfiguration;
			buildSettings = {
				ARCHS = (
					x86_64,
					i386,
					ppc,
				);
				COPY_PHASE_STRIP = NO;
				ENABLE_OPENMP_SUPPORT = YES;
				GCC_ALTIVEC_EXTENSIONS = YES;
				GCC_ENABLE_FIX_AND_CONTINUE = YES;
				GCC_MODEL_TUNING = G5;
				GCC_OPTIMIZATION_LEVEL = 0;
				GCC_PRECOMPILE_PREFIX_HEADER = YES;
				GCC_PREPROCESSOR_DEFINITIONS = __PI__;
				GCC_WARN_ABOUT_RETURN_TYPE = YES;
				GCC_WARN_UNUSED_VARIABLE = YES;
				GENERATE_PKGINFO_FILE = YES;
				HEADER_SEARCH_PATHS = (
					"$(inherited)",
					ext,
					../../ext/libpng,
					../../ext/pngquant/lib,
					../../ext/lcms/include,
					../../ext/lcms/src,
				);
				ONLY_ACTIVE_ARCH = NO;
				PLUGIN_TYPE = 8BIF;
				PREBINDING = NO;
				REZ_PREFIX_FILE = "$(SRCROOT)/../../ext/adobe_photoshop_cs5_sdk_mac/pluginsdk/samplecode/common/includes/MachOMacrezXcode.h";
				SDKROOT = /Developer/SDKs/MacOSX10.5.sdk;
				STRIP_INSTALLED_PRODUCT = NO;
				WRAPPER_EXTENSION = plugin;
				ZERO_LINK = NO;
			};
			name = Debug;
		};
/* End XCBuildConfiguration section */

/* Begin XCConfigurationList section */
		4FADC23308B4156C00ABE55E /* Build configuration list for PBXNativeTarget "SuperPNG" */ = {
			isa = XCConfigurationList;
			buildConfigurations = (
				4FADC23408B4156C00ABE55E /* Debug */,
				2A01738E112F17A8005CDE51 /* Release */,
			);
			defaultConfigurationIsVisible = 0;
			defaultConfigurationName = Debug;
		};
		4FADC23708B4156C00ABE55E /* Build configuration list for PBXProject "SuperPNG" */ = {
			isa = XCConfigurationList;
			buildConfigurations = (
				4FADC23808B4156C00ABE55E /* Debug */,
				2A01738D112F17A8005CDE51 /* Release */,
			);
			defaultConfigurationIsVisible = 0;
			defaultConfigurationName = Debug;
		};
/* End XCConfigurationList section */
	};
	rootObject = 089C1669FE841209C02AAC07 /* Project object */;
}
